PODS:
  - RxCocoa (5.0.1):
    - RxRelay (~> 5)
    - RxSwift (~> 5)
  - RxRelay (5.0.1):
    - RxSwift (~> 5)
  - RxSwift (5.0.1)
  - SwiftSpinner (2.1.0)

DEPENDENCIES:
  - RxCocoa (~> 5)
  - RxSwift (~> 5)
  - SwiftSpinner

SPEC REPOS:
  trunk:
    - RxCocoa
    - RxRelay
    - RxSwift
    - SwiftSpinner

SPEC CHECKSUMS:
  RxCocoa: e741b9749968e8a143e2b787f1dfbff2b63d0a5c
  RxRelay: 89d54507f4fd4d969e6ec1d4bd7f3673640b4640
  RxSwift: e2dc62b366a3adf6a0be44ba9f405efd4c94e0c4
  SwiftSpinner: 0f15c006307f8d8bbac075638927ec1361b565d7

PODFILE CHECKSUM: 1b214f9b9143f7639d9b455ba629aa6735905882

COCOAPODS: 1.8.4
