// !$*UTF8*$!
{
	archiveVersion = 1;
	classes = {
	};
	objectVersion = 51;
	objects = {

/* Begin PBXBuildFile section */
		27ADE9D1C19A2BFECF33B5EC /* Pods_ComposableArchitecture.framework in Frameworks */ = {isa = PBXBuildFile; fileRef = A799C7FC5B3968E7C878BCA6 /* Pods_ComposableArchitecture.framework */; };
		42061206EE9EEB67FC32025A /* Pods_Counter_CounterTests.framework in Frameworks */ = {isa = PBXBuildFile; fileRef = 618A87886B26D71340E6B224 /* Pods_Counter_CounterTests.framework */; };
		60D1C2C01FA1EC565C754EFB /* Pods_RxPrimeTimeTests.framework in Frameworks */ = {isa = PBXBuildFile; fileRef = 27C521D4C3BE0E516D1AE5FD /* Pods_RxPrimeTimeTests.framework */; };
		9DC15AA018F036F257BD94C9 /* Pods_Counter.framework in Frameworks */ = {isa = PBXBuildFile; fileRef = 1224FE20A287BAED3AB4B05A /* Pods_Counter.framework */; };
		A5A00BFB6176A846A3D26CFC /* Pods_ComposableArchitecture_ComposableArchitectureTests.framework in Frameworks */ = {isa = PBXBuildFile; fileRef = D8CB2DEDFACAD85240AA79A4 /* Pods_ComposableArchitecture_ComposableArchitectureTests.framework */; };
		CF3D3CF2AEA7289A3CC829CA /* Pods_RxPrimeTime.framework in Frameworks */ = {isa = PBXBuildFile; fileRef = ECE188A0F8A1F705642B5FB8 /* Pods_RxPrimeTime.framework */; };
		F87E5D8123F7D3EA00FEC92D /* AppDelegate.swift in Sources */ = {isa = PBXBuildFile; fileRef = F87E5D8023F7D3EA00FEC92D /* AppDelegate.swift */; };
		F87E5D8A23F7D3EC00FEC92D /* Assets.xcassets in Resources */ = {isa = PBXBuildFile; fileRef = F87E5D8923F7D3EC00FEC92D /* Assets.xcassets */; };
		F87E5D8D23F7D3EC00FEC92D /* LaunchScreen.storyboard in Resources */ = {isa = PBXBuildFile; fileRef = F87E5D8B23F7D3EC00FEC92D /* LaunchScreen.storyboard */; };
		F87E5D9823F7D3EC00FEC92D /* RxPrimeTimeTests.swift in Sources */ = {isa = PBXBuildFile; fileRef = F87E5D9723F7D3EC00FEC92D /* RxPrimeTimeTests.swift */; };
		F87E5DA623F7D4C600FEC92D /* MainViewController.swift in Sources */ = {isa = PBXBuildFile; fileRef = F87E5DA423F7D4C600FEC92D /* MainViewController.swift */; };
		F87E5DA723F7D4C600FEC92D /* MainViewController.xib in Resources */ = {isa = PBXBuildFile; fileRef = F87E5DA523F7D4C600FEC92D /* MainViewController.xib */; };
		F87E5DB923F7D60B00FEC92D /* ComposableArchitecture.framework in Frameworks */ = {isa = PBXBuildFile; fileRef = F87E5DB023F7D60B00FEC92D /* ComposableArchitecture.framework */; };
		F87E5DC023F7D60B00FEC92D /* ComposableArchitectureTests.swift in Sources */ = {isa = PBXBuildFile; fileRef = F87E5DBF23F7D60B00FEC92D /* ComposableArchitectureTests.swift */; };
		F87E5DC223F7D60B00FEC92D /* ComposableArchitecture.h in Headers */ = {isa = PBXBuildFile; fileRef = F87E5DB223F7D60B00FEC92D /* ComposableArchitecture.h */; settings = {ATTRIBUTES = (Public, ); }; };
		F87E5DC523F7D60B00FEC92D /* ComposableArchitecture.framework in Frameworks */ = {isa = PBXBuildFile; fileRef = F87E5DB023F7D60B00FEC92D /* ComposableArchitecture.framework */; };
		F87E5DC623F7D60B00FEC92D /* ComposableArchitecture.framework in Embed Frameworks */ = {isa = PBXBuildFile; fileRef = F87E5DB023F7D60B00FEC92D /* ComposableArchitecture.framework */; settings = {ATTRIBUTES = (CodeSignOnCopy, RemoveHeadersOnCopy, ); }; };
		F87E5DCF23F7D61C00FEC92D /* ComposableArchitecture.swift in Sources */ = {isa = PBXBuildFile; fileRef = F87E5DCE23F7D61C00FEC92D /* ComposableArchitecture.swift */; };
		F87E5DD123F7D70100FEC92D /* Utils.swift in Sources */ = {isa = PBXBuildFile; fileRef = F87E5DD023F7D70100FEC92D /* Utils.swift */; };
		F87E5DD323F7D72700FEC92D /* Effect.swift in Sources */ = {isa = PBXBuildFile; fileRef = F87E5DD223F7D72700FEC92D /* Effect.swift */; };
		F8B113E723F7D91800DA6466 /* Counter.framework in Frameworks */ = {isa = PBXBuildFile; fileRef = F8B113DE23F7D91700DA6466 /* Counter.framework */; };
		F8B113EE23F7D91800DA6466 /* CounterTests.swift in Sources */ = {isa = PBXBuildFile; fileRef = F8B113ED23F7D91800DA6466 /* CounterTests.swift */; };
		F8B113F023F7D91800DA6466 /* Counter.h in Headers */ = {isa = PBXBuildFile; fileRef = F8B113E023F7D91700DA6466 /* Counter.h */; settings = {ATTRIBUTES = (Public, ); }; };
		F8B113F323F7D91800DA6466 /* Counter.framework in Frameworks */ = {isa = PBXBuildFile; fileRef = F8B113DE23F7D91700DA6466 /* Counter.framework */; };
		F8B113F423F7D91800DA6466 /* Counter.framework in Embed Frameworks */ = {isa = PBXBuildFile; fileRef = F8B113DE23F7D91700DA6466 /* Counter.framework */; settings = {ATTRIBUTES = (CodeSignOnCopy, RemoveHeadersOnCopy, ); }; };
		F8B1141823F7DD2200DA6466 /* PrimeModal.swift in Sources */ = {isa = PBXBuildFile; fileRef = F8B1141723F7DD2200DA6466 /* PrimeModal.swift */; };
		F8B1141A23F7DD6600DA6466 /* PrimeModalViewController.swift in Sources */ = {isa = PBXBuildFile; fileRef = F8B1141923F7DD6600DA6466 /* PrimeModalViewController.swift */; };
		F8B1141C23F7DD9000DA6466 /* PrimeModalViewController.xib in Resources */ = {isa = PBXBuildFile; fileRef = F8B1141B23F7DD9000DA6466 /* PrimeModalViewController.xib */; };
		F8B1141E23F7DDBB00DA6466 /* Rx+extensions.swift in Sources */ = {isa = PBXBuildFile; fileRef = F8B1141D23F7DDBB00DA6466 /* Rx+extensions.swift */; };
		F8B1141F23F7DE2A00DA6466 /* Rx+extensions.swift in Sources */ = {isa = PBXBuildFile; fileRef = F8B1141D23F7DDBB00DA6466 /* Rx+extensions.swift */; };
		F8B1142323F7E70D00DA6466 /* ComposableArchitectureTestSupport.swift in Sources */ = {isa = PBXBuildFile; fileRef = F8B1142223F7E70D00DA6466 /* ComposableArchitectureTestSupport.swift */; };
		F8B1142423F7E70D00DA6466 /* ComposableArchitectureTestSupport.swift in Sources */ = {isa = PBXBuildFile; fileRef = F8B1142223F7E70D00DA6466 /* ComposableArchitectureTestSupport.swift */; };
		F8B1142523F7E70D00DA6466 /* ComposableArchitectureTestSupport.swift in Sources */ = {isa = PBXBuildFile; fileRef = F8B1142223F7E70D00DA6466 /* ComposableArchitectureTestSupport.swift */; };
		F8B114B623F7ED3F00DA6466 /* Networking.framework in Frameworks */ = {isa = PBXBuildFile; fileRef = F8B114AD23F7ED3F00DA6466 /* Networking.framework */; };
		F8B114BD23F7ED3F00DA6466 /* NetworkingTests.swift in Sources */ = {isa = PBXBuildFile; fileRef = F8B114BC23F7ED3F00DA6466 /* NetworkingTests.swift */; };
		F8B114BF23F7ED3F00DA6466 /* Networking.h in Headers */ = {isa = PBXBuildFile; fileRef = F8B114AF23F7ED3F00DA6466 /* Networking.h */; settings = {ATTRIBUTES = (Public, ); }; };
		F8B114C223F7ED3F00DA6466 /* Networking.framework in Frameworks */ = {isa = PBXBuildFile; fileRef = F8B114AD23F7ED3F00DA6466 /* Networking.framework */; };
		F8B114C323F7ED3F00DA6466 /* Networking.framework in Embed Frameworks */ = {isa = PBXBuildFile; fileRef = F8B114AD23F7ED3F00DA6466 /* Networking.framework */; settings = {ATTRIBUTES = (CodeSignOnCopy, RemoveHeadersOnCopy, ); }; };
		F8B114D823F7EDC800DA6466 /* SceneBuilder.framework in Frameworks */ = {isa = PBXBuildFile; fileRef = F8B114CF23F7EDC800DA6466 /* SceneBuilder.framework */; };
		F8B114E123F7EDC800DA6466 /* SceneBuilder.h in Headers */ = {isa = PBXBuildFile; fileRef = F8B114D123F7EDC800DA6466 /* SceneBuilder.h */; settings = {ATTRIBUTES = (Public, ); }; };
		F8B114E423F7EDC800DA6466 /* SceneBuilder.framework in Frameworks */ = {isa = PBXBuildFile; fileRef = F8B114CF23F7EDC800DA6466 /* SceneBuilder.framework */; };
		F8B114E523F7EDC800DA6466 /* SceneBuilder.framework in Embed Frameworks */ = {isa = PBXBuildFile; fileRef = F8B114CF23F7EDC800DA6466 /* SceneBuilder.framework */; settings = {ATTRIBUTES = (CodeSignOnCopy, RemoveHeadersOnCopy, ); }; };
		F8B114EF23F8540800DA6466 /* SceneBuilderTests.swift in Sources */ = {isa = PBXBuildFile; fileRef = F8B114ED23F8540800DA6466 /* SceneBuilderTests.swift */; };
		F8B114F023F8540800DA6466 /* Info.plist in Resources */ = {isa = PBXBuildFile; fileRef = F8B114EE23F8540800DA6466 /* Info.plist */; };
		F8B114F223F8543300DA6466 /* SceneBuilder.swift in Sources */ = {isa = PBXBuildFile; fileRef = F8B114F123F8543300DA6466 /* SceneBuilder.swift */; };
		F8B114FA23F854E400DA6466 /* Networking.swift in Sources */ = {isa = PBXBuildFile; fileRef = F8B114F323F854E400DA6466 /* Networking.swift */; };
		F8B114FB23F854E400DA6466 /* APIRequest.swift in Sources */ = {isa = PBXBuildFile; fileRef = F8B114F423F854E400DA6466 /* APIRequest.swift */; };
		F8B114FC23F854E400DA6466 /* Logging+.swift in Sources */ = {isa = PBXBuildFile; fileRef = F8B114F523F854E400DA6466 /* Logging+.swift */; };
		F8B114FD23F854E400DA6466 /* Operators.swift in Sources */ = {isa = PBXBuildFile; fileRef = F8B114F623F854E400DA6466 /* Operators.swift */; };
		F8B114FE23F854E400DA6466 /* Requests+.swift in Sources */ = {isa = PBXBuildFile; fileRef = F8B114F823F854E400DA6466 /* Requests+.swift */; };
		F8B114FF23F854E400DA6466 /* HTTPStatusCodes.swift in Sources */ = {isa = PBXBuildFile; fileRef = F8B114F923F854E400DA6466 /* HTTPStatusCodes.swift */; };
		F8B1150123F8555D00DA6466 /* Counter.swift in Sources */ = {isa = PBXBuildFile; fileRef = F8B1150023F8555D00DA6466 /* Counter.swift */; };
		F8B1150323F855A400DA6466 /* CounterViewController.swift in Sources */ = {isa = PBXBuildFile; fileRef = F8B1150223F855A400DA6466 /* CounterViewController.swift */; };
		F8B1150523F855DC00DA6466 /* CounterViewController.xib in Resources */ = {isa = PBXBuildFile; fileRef = F8B1150423F855DC00DA6466 /* CounterViewController.xib */; };
		F8B1150723F8594E00DA6466 /* CounterView.swift in Sources */ = {isa = PBXBuildFile; fileRef = F8B1150623F8594E00DA6466 /* CounterView.swift */; };
		F8B1150923F859EA00DA6466 /* Counter+Environment.swift in Sources */ = {isa = PBXBuildFile; fileRef = F8B1150823F859EA00DA6466 /* Counter+Environment.swift */; };
/* End PBXBuildFile section */

/* Begin PBXContainerItemProxy section */
		F87E5D9423F7D3EC00FEC92D /* PBXContainerItemProxy */ = {
			isa = PBXContainerItemProxy;
			containerPortal = F87E5D7523F7D3EA00FEC92D /* Project object */;
			proxyType = 1;
			remoteGlobalIDString = F87E5D7C23F7D3EA00FEC92D;
			remoteInfo = RxPrimeTime;
		};
		F87E5DBA23F7D60B00FEC92D /* PBXContainerItemProxy */ = {
			isa = PBXContainerItemProxy;
			containerPortal = F87E5D7523F7D3EA00FEC92D /* Project object */;
			proxyType = 1;
			remoteGlobalIDString = F87E5DAF23F7D60B00FEC92D;
			remoteInfo = ComposableArchitecture;
		};
		F87E5DBC23F7D60B00FEC92D /* PBXContainerItemProxy */ = {
			isa = PBXContainerItemProxy;
			containerPortal = F87E5D7523F7D3EA00FEC92D /* Project object */;
			proxyType = 1;
			remoteGlobalIDString = F87E5D7C23F7D3EA00FEC92D;
			remoteInfo = RxPrimeTime;
		};
		F87E5DC323F7D60B00FEC92D /* PBXContainerItemProxy */ = {
			isa = PBXContainerItemProxy;
			containerPortal = F87E5D7523F7D3EA00FEC92D /* Project object */;
			proxyType = 1;
			remoteGlobalIDString = F87E5DAF23F7D60B00FEC92D;
			remoteInfo = ComposableArchitecture;
		};
		F8B113E823F7D91800DA6466 /* PBXContainerItemProxy */ = {
			isa = PBXContainerItemProxy;
			containerPortal = F87E5D7523F7D3EA00FEC92D /* Project object */;
			proxyType = 1;
			remoteGlobalIDString = F8B113DD23F7D91700DA6466;
			remoteInfo = Counter;
		};
		F8B113EA23F7D91800DA6466 /* PBXContainerItemProxy */ = {
			isa = PBXContainerItemProxy;
			containerPortal = F87E5D7523F7D3EA00FEC92D /* Project object */;
			proxyType = 1;
			remoteGlobalIDString = F87E5D7C23F7D3EA00FEC92D;
			remoteInfo = RxPrimeTime;
		};
		F8B113F123F7D91800DA6466 /* PBXContainerItemProxy */ = {
			isa = PBXContainerItemProxy;
			containerPortal = F87E5D7523F7D3EA00FEC92D /* Project object */;
			proxyType = 1;
			remoteGlobalIDString = F8B113DD23F7D91700DA6466;
			remoteInfo = Counter;
		};
		F8B114B723F7ED3F00DA6466 /* PBXContainerItemProxy */ = {
			isa = PBXContainerItemProxy;
			containerPortal = F87E5D7523F7D3EA00FEC92D /* Project object */;
			proxyType = 1;
			remoteGlobalIDString = F8B114AC23F7ED3F00DA6466;
			remoteInfo = Networking;
		};
		F8B114B923F7ED3F00DA6466 /* PBXContainerItemProxy */ = {
			isa = PBXContainerItemProxy;
			containerPortal = F87E5D7523F7D3EA00FEC92D /* Project object */;
			proxyType = 1;
			remoteGlobalIDString = F87E5D7C23F7D3EA00FEC92D;
			remoteInfo = RxPrimeTime;
		};
		F8B114C023F7ED3F00DA6466 /* PBXContainerItemProxy */ = {
			isa = PBXContainerItemProxy;
			containerPortal = F87E5D7523F7D3EA00FEC92D /* Project object */;
			proxyType = 1;
			remoteGlobalIDString = F8B114AC23F7ED3F00DA6466;
			remoteInfo = Networking;
		};
		F8B114D923F7EDC800DA6466 /* PBXContainerItemProxy */ = {
			isa = PBXContainerItemProxy;
			containerPortal = F87E5D7523F7D3EA00FEC92D /* Project object */;
			proxyType = 1;
			remoteGlobalIDString = F8B114CE23F7EDC800DA6466;
			remoteInfo = SceneBuilder;
		};
		F8B114DB23F7EDC800DA6466 /* PBXContainerItemProxy */ = {
			isa = PBXContainerItemProxy;
			containerPortal = F87E5D7523F7D3EA00FEC92D /* Project object */;
			proxyType = 1;
			remoteGlobalIDString = F87E5D7C23F7D3EA00FEC92D;
			remoteInfo = RxPrimeTime;
		};
		F8B114E223F7EDC800DA6466 /* PBXContainerItemProxy */ = {
			isa = PBXContainerItemProxy;
			containerPortal = F87E5D7523F7D3EA00FEC92D /* Project object */;
			proxyType = 1;
			remoteGlobalIDString = F8B114CE23F7EDC800DA6466;
			remoteInfo = SceneBuilder;
		};
/* End PBXContainerItemProxy section */

/* Begin PBXCopyFilesBuildPhase section */
		F87E5DCA23F7D60B00FEC92D /* Embed Frameworks */ = {
			isa = PBXCopyFilesBuildPhase;
			buildActionMask = 2147483647;
			dstPath = "";
			dstSubfolderSpec = 10;
			files = (
				F8B114C323F7ED3F00DA6466 /* Networking.framework in Embed Frameworks */,
				F87E5DC623F7D60B00FEC92D /* ComposableArchitecture.framework in Embed Frameworks */,
				F8B113F423F7D91800DA6466 /* Counter.framework in Embed Frameworks */,
				F8B114E523F7EDC800DA6466 /* SceneBuilder.framework in Embed Frameworks */,
			);
			name = "Embed Frameworks";
			runOnlyForDeploymentPostprocessing = 0;
		};
/* End PBXCopyFilesBuildPhase section */

/* Begin PBXFileReference section */
		0325EC23D84268FF2419C2CF /* Pods-RxPrimeTime.release.xcconfig */ = {isa = PBXFileReference; includeInIndex = 1; lastKnownFileType = text.xcconfig; name = "Pods-RxPrimeTime.release.xcconfig"; path = "Target Support Files/Pods-RxPrimeTime/Pods-RxPrimeTime.release.xcconfig"; sourceTree = "<group>"; };
		0ED9B4EB18967B2C9F09F23F /* Pods-ComposableArchitecture.release.xcconfig */ = {isa = PBXFileReference; includeInIndex = 1; lastKnownFileType = text.xcconfig; name = "Pods-ComposableArchitecture.release.xcconfig"; path = "Target Support Files/Pods-ComposableArchitecture/Pods-ComposableArchitecture.release.xcconfig"; sourceTree = "<group>"; };
		1224FE20A287BAED3AB4B05A /* Pods_Counter.framework */ = {isa = PBXFileReference; explicitFileType = wrapper.framework; includeInIndex = 0; path = Pods_Counter.framework; sourceTree = BUILT_PRODUCTS_DIR; };
		27C521D4C3BE0E516D1AE5FD /* Pods_RxPrimeTimeTests.framework */ = {isa = PBXFileReference; explicitFileType = wrapper.framework; includeInIndex = 0; path = Pods_RxPrimeTimeTests.framework; sourceTree = BUILT_PRODUCTS_DIR; };
		2AC62B55F4BC44CACC5F005E /* Pods-Counter.debug.xcconfig */ = {isa = PBXFileReference; includeInIndex = 1; lastKnownFileType = text.xcconfig; name = "Pods-Counter.debug.xcconfig"; path = "Target Support Files/Pods-Counter/Pods-Counter.debug.xcconfig"; sourceTree = "<group>"; };
		3D6AB164486F80D1D1E64459 /* Pods-Counter-CounterTests.debug.xcconfig */ = {isa = PBXFileReference; includeInIndex = 1; lastKnownFileType = text.xcconfig; name = "Pods-Counter-CounterTests.debug.xcconfig"; path = "Target Support Files/Pods-Counter-CounterTests/Pods-Counter-CounterTests.debug.xcconfig"; sourceTree = "<group>"; };
		49795EFFDA83D20C8CADEEE7 /* Pods-Counter.release.xcconfig */ = {isa = PBXFileReference; includeInIndex = 1; lastKnownFileType = text.xcconfig; name = "Pods-Counter.release.xcconfig"; path = "Target Support Files/Pods-Counter/Pods-Counter.release.xcconfig"; sourceTree = "<group>"; };
		618A87886B26D71340E6B224 /* Pods_Counter_CounterTests.framework */ = {isa = PBXFileReference; explicitFileType = wrapper.framework; includeInIndex = 0; path = Pods_Counter_CounterTests.framework; sourceTree = BUILT_PRODUCTS_DIR; };
		9DE8D1821D74CC2B20402FFC /* Pods-RxPrimeTime.debug.xcconfig */ = {isa = PBXFileReference; includeInIndex = 1; lastKnownFileType = text.xcconfig; name = "Pods-RxPrimeTime.debug.xcconfig"; path = "Target Support Files/Pods-RxPrimeTime/Pods-RxPrimeTime.debug.xcconfig"; sourceTree = "<group>"; };
		9FF3AD2ED279F6285C3B3601 /* Pods-ComposableArchitecture-ComposableArchitectureTests.release.xcconfig */ = {isa = PBXFileReference; includeInIndex = 1; lastKnownFileType = text.xcconfig; name = "Pods-ComposableArchitecture-ComposableArchitectureTests.release.xcconfig"; path = "Target Support Files/Pods-ComposableArchitecture-ComposableArchitectureTests/Pods-ComposableArchitecture-ComposableArchitectureTests.release.xcconfig"; sourceTree = "<group>"; };
		A799C7FC5B3968E7C878BCA6 /* Pods_ComposableArchitecture.framework */ = {isa = PBXFileReference; explicitFileType = wrapper.framework; includeInIndex = 0; path = Pods_ComposableArchitecture.framework; sourceTree = BUILT_PRODUCTS_DIR; };
		BA62941AA4456523D3F98656 /* Pods-ComposableArchitecture.debug.xcconfig */ = {isa = PBXFileReference; includeInIndex = 1; lastKnownFileType = text.xcconfig; name = "Pods-ComposableArchitecture.debug.xcconfig"; path = "Target Support Files/Pods-ComposableArchitecture/Pods-ComposableArchitecture.debug.xcconfig"; sourceTree = "<group>"; };
		C00CCC4132D38FD5305A3E36 /* Pods-ComposableArchitecture-ComposableArchitectureTests.debug.xcconfig */ = {isa = PBXFileReference; includeInIndex = 1; lastKnownFileType = text.xcconfig; name = "Pods-ComposableArchitecture-ComposableArchitectureTests.debug.xcconfig"; path = "Target Support Files/Pods-ComposableArchitecture-ComposableArchitectureTests/Pods-ComposableArchitecture-ComposableArchitectureTests.debug.xcconfig"; sourceTree = "<group>"; };
		CB165DC9152D4671E4B6A648 /* Pods-Counter-CounterTests.release.xcconfig */ = {isa = PBXFileReference; includeInIndex = 1; lastKnownFileType = text.xcconfig; name = "Pods-Counter-CounterTests.release.xcconfig"; path = "Target Support Files/Pods-Counter-CounterTests/Pods-Counter-CounterTests.release.xcconfig"; sourceTree = "<group>"; };
		D8CB2DEDFACAD85240AA79A4 /* Pods_ComposableArchitecture_ComposableArchitectureTests.framework */ = {isa = PBXFileReference; explicitFileType = wrapper.framework; includeInIndex = 0; path = Pods_ComposableArchitecture_ComposableArchitectureTests.framework; sourceTree = BUILT_PRODUCTS_DIR; };
		DC9E39A1F00BD55E832B7719 /* Pods-RxPrimeTimeTests.debug.xcconfig */ = {isa = PBXFileReference; includeInIndex = 1; lastKnownFileType = text.xcconfig; name = "Pods-RxPrimeTimeTests.debug.xcconfig"; path = "Target Support Files/Pods-RxPrimeTimeTests/Pods-RxPrimeTimeTests.debug.xcconfig"; sourceTree = "<group>"; };
		E54E277248996E1068F9A5A8 /* Pods-RxPrimeTimeTests.release.xcconfig */ = {isa = PBXFileReference; includeInIndex = 1; lastKnownFileType = text.xcconfig; name = "Pods-RxPrimeTimeTests.release.xcconfig"; path = "Target Support Files/Pods-RxPrimeTimeTests/Pods-RxPrimeTimeTests.release.xcconfig"; sourceTree = "<group>"; };
		ECE188A0F8A1F705642B5FB8 /* Pods_RxPrimeTime.framework */ = {isa = PBXFileReference; explicitFileType = wrapper.framework; includeInIndex = 0; path = Pods_RxPrimeTime.framework; sourceTree = BUILT_PRODUCTS_DIR; };
		F87E5D7D23F7D3EA00FEC92D /* RxPrimeTime.app */ = {isa = PBXFileReference; explicitFileType = wrapper.application; includeInIndex = 0; path = RxPrimeTime.app; sourceTree = BUILT_PRODUCTS_DIR; };
		F87E5D8023F7D3EA00FEC92D /* AppDelegate.swift */ = {isa = PBXFileReference; lastKnownFileType = sourcecode.swift; path = AppDelegate.swift; sourceTree = "<group>"; };
		F87E5D8923F7D3EC00FEC92D /* Assets.xcassets */ = {isa = PBXFileReference; lastKnownFileType = folder.assetcatalog; path = Assets.xcassets; sourceTree = "<group>"; };
		F87E5D8C23F7D3EC00FEC92D /* Base */ = {isa = PBXFileReference; lastKnownFileType = file.storyboard; name = Base; path = Base.lproj/LaunchScreen.storyboard; sourceTree = "<group>"; };
		F87E5D8E23F7D3EC00FEC92D /* Info.plist */ = {isa = PBXFileReference; lastKnownFileType = text.plist.xml; path = Info.plist; sourceTree = "<group>"; };
		F87E5D9323F7D3EC00FEC92D /* RxPrimeTimeTests.xctest */ = {isa = PBXFileReference; explicitFileType = wrapper.cfbundle; includeInIndex = 0; path = RxPrimeTimeTests.xctest; sourceTree = BUILT_PRODUCTS_DIR; };
		F87E5D9723F7D3EC00FEC92D /* RxPrimeTimeTests.swift */ = {isa = PBXFileReference; lastKnownFileType = sourcecode.swift; path = RxPrimeTimeTests.swift; sourceTree = "<group>"; };
		F87E5D9923F7D3EC00FEC92D /* Info.plist */ = {isa = PBXFileReference; lastKnownFileType = text.plist.xml; path = Info.plist; sourceTree = "<group>"; };
		F87E5DA423F7D4C600FEC92D /* MainViewController.swift */ = {isa = PBXFileReference; lastKnownFileType = sourcecode.swift; path = MainViewController.swift; sourceTree = "<group>"; };
		F87E5DA523F7D4C600FEC92D /* MainViewController.xib */ = {isa = PBXFileReference; lastKnownFileType = file.xib; path = MainViewController.xib; sourceTree = "<group>"; };
		F87E5DB023F7D60B00FEC92D /* ComposableArchitecture.framework */ = {isa = PBXFileReference; explicitFileType = wrapper.framework; includeInIndex = 0; path = ComposableArchitecture.framework; sourceTree = BUILT_PRODUCTS_DIR; };
		F87E5DB223F7D60B00FEC92D /* ComposableArchitecture.h */ = {isa = PBXFileReference; lastKnownFileType = sourcecode.c.h; path = ComposableArchitecture.h; sourceTree = "<group>"; };
		F87E5DB323F7D60B00FEC92D /* Info.plist */ = {isa = PBXFileReference; lastKnownFileType = text.plist.xml; path = Info.plist; sourceTree = "<group>"; };
		F87E5DB823F7D60B00FEC92D /* ComposableArchitectureTests.xctest */ = {isa = PBXFileReference; explicitFileType = wrapper.cfbundle; includeInIndex = 0; path = ComposableArchitectureTests.xctest; sourceTree = BUILT_PRODUCTS_DIR; };
		F87E5DBF23F7D60B00FEC92D /* ComposableArchitectureTests.swift */ = {isa = PBXFileReference; lastKnownFileType = sourcecode.swift; path = ComposableArchitectureTests.swift; sourceTree = "<group>"; };
		F87E5DC123F7D60B00FEC92D /* Info.plist */ = {isa = PBXFileReference; lastKnownFileType = text.plist.xml; path = Info.plist; sourceTree = "<group>"; };
		F87E5DCE23F7D61C00FEC92D /* ComposableArchitecture.swift */ = {isa = PBXFileReference; lastKnownFileType = sourcecode.swift; path = ComposableArchitecture.swift; sourceTree = "<group>"; };
		F87E5DD023F7D70100FEC92D /* Utils.swift */ = {isa = PBXFileReference; lastKnownFileType = sourcecode.swift; path = Utils.swift; sourceTree = "<group>"; };
		F87E5DD223F7D72700FEC92D /* Effect.swift */ = {isa = PBXFileReference; lastKnownFileType = sourcecode.swift; path = Effect.swift; sourceTree = "<group>"; };
		F8B113DE23F7D91700DA6466 /* Counter.framework */ = {isa = PBXFileReference; explicitFileType = wrapper.framework; includeInIndex = 0; path = Counter.framework; sourceTree = BUILT_PRODUCTS_DIR; };
		F8B113E023F7D91700DA6466 /* Counter.h */ = {isa = PBXFileReference; lastKnownFileType = sourcecode.c.h; path = Counter.h; sourceTree = "<group>"; };
		F8B113E123F7D91700DA6466 /* Info.plist */ = {isa = PBXFileReference; lastKnownFileType = text.plist.xml; path = Info.plist; sourceTree = "<group>"; };
		F8B113E623F7D91800DA6466 /* CounterTests.xctest */ = {isa = PBXFileReference; explicitFileType = wrapper.cfbundle; includeInIndex = 0; path = CounterTests.xctest; sourceTree = BUILT_PRODUCTS_DIR; };
		F8B113ED23F7D91800DA6466 /* CounterTests.swift */ = {isa = PBXFileReference; lastKnownFileType = sourcecode.swift; path = CounterTests.swift; sourceTree = "<group>"; };
		F8B113EF23F7D91800DA6466 /* Info.plist */ = {isa = PBXFileReference; lastKnownFileType = text.plist.xml; path = Info.plist; sourceTree = "<group>"; };
		F8B1141723F7DD2200DA6466 /* PrimeModal.swift */ = {isa = PBXFileReference; lastKnownFileType = sourcecode.swift; path = PrimeModal.swift; sourceTree = "<group>"; };
		F8B1141923F7DD6600DA6466 /* PrimeModalViewController.swift */ = {isa = PBXFileReference; lastKnownFileType = sourcecode.swift; path = PrimeModalViewController.swift; sourceTree = "<group>"; };
		F8B1141B23F7DD9000DA6466 /* PrimeModalViewController.xib */ = {isa = PBXFileReference; fileEncoding = 4; lastKnownFileType = file.xib; path = PrimeModalViewController.xib; sourceTree = "<group>"; };
		F8B1141D23F7DDBB00DA6466 /* Rx+extensions.swift */ = {isa = PBXFileReference; lastKnownFileType = sourcecode.swift; path = "Rx+extensions.swift"; sourceTree = "<group>"; };
		F8B1142123F7DF2F00DA6466 /* PrimeTime.playground */ = {isa = PBXFileReference; lastKnownFileType = file.playground; name = PrimeTime.playground; path = ../PrimeTime.playground; sourceTree = "<group>"; xcLanguageSpecificationIdentifier = xcode.lang.swift; };
		F8B1142223F7E70D00DA6466 /* ComposableArchitectureTestSupport.swift */ = {isa = PBXFileReference; lastKnownFileType = sourcecode.swift; path = ComposableArchitectureTestSupport.swift; sourceTree = "<group>"; };
		F8B114AD23F7ED3F00DA6466 /* Networking.framework */ = {isa = PBXFileReference; explicitFileType = wrapper.framework; includeInIndex = 0; path = Networking.framework; sourceTree = BUILT_PRODUCTS_DIR; };
		F8B114AF23F7ED3F00DA6466 /* Networking.h */ = {isa = PBXFileReference; lastKnownFileType = sourcecode.c.h; path = Networking.h; sourceTree = "<group>"; };
		F8B114B023F7ED3F00DA6466 /* Info.plist */ = {isa = PBXFileReference; lastKnownFileType = text.plist.xml; path = Info.plist; sourceTree = "<group>"; };
		F8B114B523F7ED3F00DA6466 /* NetworkingTests.xctest */ = {isa = PBXFileReference; explicitFileType = wrapper.cfbundle; includeInIndex = 0; path = NetworkingTests.xctest; sourceTree = BUILT_PRODUCTS_DIR; };
		F8B114BC23F7ED3F00DA6466 /* NetworkingTests.swift */ = {isa = PBXFileReference; lastKnownFileType = sourcecode.swift; path = NetworkingTests.swift; sourceTree = "<group>"; };
		F8B114BE23F7ED3F00DA6466 /* Info.plist */ = {isa = PBXFileReference; lastKnownFileType = text.plist.xml; path = Info.plist; sourceTree = "<group>"; };
		F8B114CF23F7EDC800DA6466 /* SceneBuilder.framework */ = {isa = PBXFileReference; explicitFileType = wrapper.framework; includeInIndex = 0; path = SceneBuilder.framework; sourceTree = BUILT_PRODUCTS_DIR; };
		F8B114D123F7EDC800DA6466 /* SceneBuilder.h */ = {isa = PBXFileReference; lastKnownFileType = sourcecode.c.h; path = SceneBuilder.h; sourceTree = "<group>"; };
		F8B114D223F7EDC800DA6466 /* Info.plist */ = {isa = PBXFileReference; lastKnownFileType = text.plist.xml; path = Info.plist; sourceTree = "<group>"; };
		F8B114D723F7EDC800DA6466 /* SceneBuilderTests.xctest */ = {isa = PBXFileReference; explicitFileType = wrapper.cfbundle; includeInIndex = 0; path = SceneBuilderTests.xctest; sourceTree = BUILT_PRODUCTS_DIR; };
		F8B114ED23F8540800DA6466 /* SceneBuilderTests.swift */ = {isa = PBXFileReference; fileEncoding = 4; lastKnownFileType = sourcecode.swift; path = SceneBuilderTests.swift; sourceTree = "<group>"; };
		F8B114EE23F8540800DA6466 /* Info.plist */ = {isa = PBXFileReference; fileEncoding = 4; lastKnownFileType = text.plist.xml; path = Info.plist; sourceTree = "<group>"; };
		F8B114F123F8543300DA6466 /* SceneBuilder.swift */ = {isa = PBXFileReference; lastKnownFileType = sourcecode.swift; path = SceneBuilder.swift; sourceTree = "<group>"; };
		F8B114F323F854E400DA6466 /* Networking.swift */ = {isa = PBXFileReference; fileEncoding = 4; lastKnownFileType = sourcecode.swift; path = Networking.swift; sourceTree = "<group>"; };
		F8B114F423F854E400DA6466 /* APIRequest.swift */ = {isa = PBXFileReference; fileEncoding = 4; lastKnownFileType = sourcecode.swift; path = APIRequest.swift; sourceTree = "<group>"; };
		F8B114F523F854E400DA6466 /* Logging+.swift */ = {isa = PBXFileReference; fileEncoding = 4; lastKnownFileType = sourcecode.swift; path = "Logging+.swift"; sourceTree = "<group>"; };
		F8B114F623F854E400DA6466 /* Operators.swift */ = {isa = PBXFileReference; fileEncoding = 4; lastKnownFileType = sourcecode.swift; path = Operators.swift; sourceTree = "<group>"; };
		F8B114F823F854E400DA6466 /* Requests+.swift */ = {isa = PBXFileReference; fileEncoding = 4; lastKnownFileType = sourcecode.swift; path = "Requests+.swift"; sourceTree = "<group>"; };
		F8B114F923F854E400DA6466 /* HTTPStatusCodes.swift */ = {isa = PBXFileReference; fileEncoding = 4; lastKnownFileType = sourcecode.swift; path = HTTPStatusCodes.swift; sourceTree = "<group>"; };
		F8B1150023F8555D00DA6466 /* Counter.swift */ = {isa = PBXFileReference; lastKnownFileType = sourcecode.swift; path = Counter.swift; sourceTree = "<group>"; };
		F8B1150223F855A400DA6466 /* CounterViewController.swift */ = {isa = PBXFileReference; lastKnownFileType = sourcecode.swift; path = CounterViewController.swift; sourceTree = "<group>"; };
		F8B1150423F855DC00DA6466 /* CounterViewController.xib */ = {isa = PBXFileReference; fileEncoding = 4; lastKnownFileType = file.xib; path = CounterViewController.xib; sourceTree = "<group>"; };
		F8B1150623F8594E00DA6466 /* CounterView.swift */ = {isa = PBXFileReference; lastKnownFileType = sourcecode.swift; path = CounterView.swift; sourceTree = "<group>"; };
		F8B1150823F859EA00DA6466 /* Counter+Environment.swift */ = {isa = PBXFileReference; lastKnownFileType = sourcecode.swift; path = "Counter+Environment.swift"; sourceTree = "<group>"; };
/* End PBXFileReference section */

/* Begin PBXFrameworksBuildPhase section */
		F87E5D7A23F7D3EA00FEC92D /* Frameworks */ = {
			isa = PBXFrameworksBuildPhase;
			buildActionMask = 2147483647;
			files = (
				F87E5DC523F7D60B00FEC92D /* ComposableArchitecture.framework in Frameworks */,
				F8B113F323F7D91800DA6466 /* Counter.framework in Frameworks */,
				CF3D3CF2AEA7289A3CC829CA /* Pods_RxPrimeTime.framework in Frameworks */,
				F8B114E423F7EDC800DA6466 /* SceneBuilder.framework in Frameworks */,
				F8B114C223F7ED3F00DA6466 /* Networking.framework in Frameworks */,
			);
			runOnlyForDeploymentPostprocessing = 0;
		};
		F87E5D9023F7D3EC00FEC92D /* Frameworks */ = {
			isa = PBXFrameworksBuildPhase;
			buildActionMask = 2147483647;
			files = (
				60D1C2C01FA1EC565C754EFB /* Pods_RxPrimeTimeTests.framework in Frameworks */,
			);
			runOnlyForDeploymentPostprocessing = 0;
		};
		F87E5DAD23F7D60B00FEC92D /* Frameworks */ = {
			isa = PBXFrameworksBuildPhase;
			buildActionMask = 2147483647;
			files = (
				27ADE9D1C19A2BFECF33B5EC /* Pods_ComposableArchitecture.framework in Frameworks */,
			);
			runOnlyForDeploymentPostprocessing = 0;
		};
		F87E5DB523F7D60B00FEC92D /* Frameworks */ = {
			isa = PBXFrameworksBuildPhase;
			buildActionMask = 2147483647;
			files = (
				F87E5DB923F7D60B00FEC92D /* ComposableArchitecture.framework in Frameworks */,
				A5A00BFB6176A846A3D26CFC /* Pods_ComposableArchitecture_ComposableArchitectureTests.framework in Frameworks */,
			);
			runOnlyForDeploymentPostprocessing = 0;
		};
		F8B113DB23F7D91700DA6466 /* Frameworks */ = {
			isa = PBXFrameworksBuildPhase;
			buildActionMask = 2147483647;
			files = (
				9DC15AA018F036F257BD94C9 /* Pods_Counter.framework in Frameworks */,
			);
			runOnlyForDeploymentPostprocessing = 0;
		};
		F8B113E323F7D91800DA6466 /* Frameworks */ = {
			isa = PBXFrameworksBuildPhase;
			buildActionMask = 2147483647;
			files = (
				F8B113E723F7D91800DA6466 /* Counter.framework in Frameworks */,
				42061206EE9EEB67FC32025A /* Pods_Counter_CounterTests.framework in Frameworks */,
			);
			runOnlyForDeploymentPostprocessing = 0;
		};
		F8B114AA23F7ED3F00DA6466 /* Frameworks */ = {
			isa = PBXFrameworksBuildPhase;
			buildActionMask = 2147483647;
			files = (
			);
			runOnlyForDeploymentPostprocessing = 0;
		};
		F8B114B223F7ED3F00DA6466 /* Frameworks */ = {
			isa = PBXFrameworksBuildPhase;
			buildActionMask = 2147483647;
			files = (
				F8B114B623F7ED3F00DA6466 /* Networking.framework in Frameworks */,
			);
			runOnlyForDeploymentPostprocessing = 0;
		};
		F8B114CC23F7EDC800DA6466 /* Frameworks */ = {
			isa = PBXFrameworksBuildPhase;
			buildActionMask = 2147483647;
			files = (
			);
			runOnlyForDeploymentPostprocessing = 0;
		};
		F8B114D423F7EDC800DA6466 /* Frameworks */ = {
			isa = PBXFrameworksBuildPhase;
			buildActionMask = 2147483647;
			files = (
				F8B114D823F7EDC800DA6466 /* SceneBuilder.framework in Frameworks */,
			);
			runOnlyForDeploymentPostprocessing = 0;
		};
/* End PBXFrameworksBuildPhase section */

/* Begin PBXGroup section */
		D7611B93963D08CB012EA578 /* Pods */ = {
			isa = PBXGroup;
			children = (
				BA62941AA4456523D3F98656 /* Pods-ComposableArchitecture.debug.xcconfig */,
				0ED9B4EB18967B2C9F09F23F /* Pods-ComposableArchitecture.release.xcconfig */,
				C00CCC4132D38FD5305A3E36 /* Pods-ComposableArchitecture-ComposableArchitectureTests.debug.xcconfig */,
				9FF3AD2ED279F6285C3B3601 /* Pods-ComposableArchitecture-ComposableArchitectureTests.release.xcconfig */,
				9DE8D1821D74CC2B20402FFC /* Pods-RxPrimeTime.debug.xcconfig */,
				0325EC23D84268FF2419C2CF /* Pods-RxPrimeTime.release.xcconfig */,
				DC9E39A1F00BD55E832B7719 /* Pods-RxPrimeTimeTests.debug.xcconfig */,
				E54E277248996E1068F9A5A8 /* Pods-RxPrimeTimeTests.release.xcconfig */,
				2AC62B55F4BC44CACC5F005E /* Pods-Counter.debug.xcconfig */,
				49795EFFDA83D20C8CADEEE7 /* Pods-Counter.release.xcconfig */,
				3D6AB164486F80D1D1E64459 /* Pods-Counter-CounterTests.debug.xcconfig */,
				CB165DC9152D4671E4B6A648 /* Pods-Counter-CounterTests.release.xcconfig */,
			);
			path = Pods;
			sourceTree = "<group>";
		};
		F87E5D7423F7D3EA00FEC92D = {
			isa = PBXGroup;
			children = (
				F8B1142123F7DF2F00DA6466 /* PrimeTime.playground */,
				F87E5D7F23F7D3EA00FEC92D /* RxPrimeTime */,
				F87E5D9623F7D3EC00FEC92D /* RxPrimeTimeTests */,
				F87E5DB123F7D60B00FEC92D /* ComposableArchitecture */,
				F87E5DBE23F7D60B00FEC92D /* ComposableArchitectureTests */,
				F8B113DF23F7D91700DA6466 /* Counter */,
				F8B113EC23F7D91800DA6466 /* CounterTests */,
				F8B114AE23F7ED3F00DA6466 /* Networking */,
				F8B114BB23F7ED3F00DA6466 /* NetworkingTests */,
				F8B114D023F7EDC800DA6466 /* SceneBuilder */,
				F8B114EC23F8540800DA6466 /* SceneBuilderTests */,
				F87E5D7E23F7D3EA00FEC92D /* Products */,
				F87E5DA823F7D4F000FEC92D /* Frameworks */,
				D7611B93963D08CB012EA578 /* Pods */,
			);
			sourceTree = "<group>";
		};
		F87E5D7E23F7D3EA00FEC92D /* Products */ = {
			isa = PBXGroup;
			children = (
				F87E5D7D23F7D3EA00FEC92D /* RxPrimeTime.app */,
				F87E5D9323F7D3EC00FEC92D /* RxPrimeTimeTests.xctest */,
				F87E5DB023F7D60B00FEC92D /* ComposableArchitecture.framework */,
				F87E5DB823F7D60B00FEC92D /* ComposableArchitectureTests.xctest */,
				F8B113DE23F7D91700DA6466 /* Counter.framework */,
				F8B113E623F7D91800DA6466 /* CounterTests.xctest */,
				F8B114AD23F7ED3F00DA6466 /* Networking.framework */,
				F8B114B523F7ED3F00DA6466 /* NetworkingTests.xctest */,
				F8B114CF23F7EDC800DA6466 /* SceneBuilder.framework */,
				F8B114D723F7EDC800DA6466 /* SceneBuilderTests.xctest */,
			);
			name = Products;
			sourceTree = "<group>";
		};
		F87E5D7F23F7D3EA00FEC92D /* RxPrimeTime */ = {
			isa = PBXGroup;
			children = (
				F87E5D8023F7D3EA00FEC92D /* AppDelegate.swift */,
				F87E5D8923F7D3EC00FEC92D /* Assets.xcassets */,
				F87E5D8B23F7D3EC00FEC92D /* LaunchScreen.storyboard */,
				F87E5D8E23F7D3EC00FEC92D /* Info.plist */,
				F87E5DA423F7D4C600FEC92D /* MainViewController.swift */,
				F87E5DA523F7D4C600FEC92D /* MainViewController.xib */,
				F8B1141D23F7DDBB00DA6466 /* Rx+extensions.swift */,
			);
			path = RxPrimeTime;
			sourceTree = "<group>";
		};
		F87E5D9623F7D3EC00FEC92D /* RxPrimeTimeTests */ = {
			isa = PBXGroup;
			children = (
				F8B1142223F7E70D00DA6466 /* ComposableArchitectureTestSupport.swift */,
				F87E5D9723F7D3EC00FEC92D /* RxPrimeTimeTests.swift */,
				F87E5D9923F7D3EC00FEC92D /* Info.plist */,
			);
			path = RxPrimeTimeTests;
			sourceTree = "<group>";
		};
		F87E5DA823F7D4F000FEC92D /* Frameworks */ = {
			isa = PBXGroup;
			children = (
				A799C7FC5B3968E7C878BCA6 /* Pods_ComposableArchitecture.framework */,
				D8CB2DEDFACAD85240AA79A4 /* Pods_ComposableArchitecture_ComposableArchitectureTests.framework */,
				ECE188A0F8A1F705642B5FB8 /* Pods_RxPrimeTime.framework */,
				27C521D4C3BE0E516D1AE5FD /* Pods_RxPrimeTimeTests.framework */,
				1224FE20A287BAED3AB4B05A /* Pods_Counter.framework */,
				618A87886B26D71340E6B224 /* Pods_Counter_CounterTests.framework */,
			);
			name = Frameworks;
			sourceTree = "<group>";
		};
		F87E5DB123F7D60B00FEC92D /* ComposableArchitecture */ = {
			isa = PBXGroup;
			children = (
				F87E5DB223F7D60B00FEC92D /* ComposableArchitecture.h */,
				F87E5DB323F7D60B00FEC92D /* Info.plist */,
				F87E5DCE23F7D61C00FEC92D /* ComposableArchitecture.swift */,
				F87E5DD023F7D70100FEC92D /* Utils.swift */,
				F87E5DD223F7D72700FEC92D /* Effect.swift */,
			);
			path = ComposableArchitecture;
			sourceTree = "<group>";
		};
		F87E5DBE23F7D60B00FEC92D /* ComposableArchitectureTests */ = {
			isa = PBXGroup;
			children = (
				F87E5DBF23F7D60B00FEC92D /* ComposableArchitectureTests.swift */,
				F87E5DC123F7D60B00FEC92D /* Info.plist */,
			);
			path = ComposableArchitectureTests;
			sourceTree = "<group>";
		};
		F8B113DF23F7D91700DA6466 /* Counter */ = {
			isa = PBXGroup;
			children = (
				F8B1150823F859EA00DA6466 /* Counter+Environment.swift */,
				F8B1150623F8594E00DA6466 /* CounterView.swift */,
				F8B1150A23F85AAD00DA6466 /* Counter */,
				F8B1141623F7DD1600DA6466 /* PrimeModal */,
				F8B113E023F7D91700DA6466 /* Counter.h */,
				F8B113E123F7D91700DA6466 /* Info.plist */,
			);
			path = Counter;
			sourceTree = "<group>";
		};
		F8B113EC23F7D91800DA6466 /* CounterTests */ = {
			isa = PBXGroup;
			children = (
				F8B113ED23F7D91800DA6466 /* CounterTests.swift */,
				F8B113EF23F7D91800DA6466 /* Info.plist */,
			);
			path = CounterTests;
			sourceTree = "<group>";
		};
		F8B1141623F7DD1600DA6466 /* PrimeModal */ = {
			isa = PBXGroup;
			children = (
				F8B1141923F7DD6600DA6466 /* PrimeModalViewController.swift */,
				F8B1141B23F7DD9000DA6466 /* PrimeModalViewController.xib */,
				F8B1141723F7DD2200DA6466 /* PrimeModal.swift */,
			);
			path = PrimeModal;
			sourceTree = "<group>";
		};
		F8B114AE23F7ED3F00DA6466 /* Networking */ = {
			isa = PBXGroup;
			children = (
				F8B114F423F854E400DA6466 /* APIRequest.swift */,
				F8B114F923F854E400DA6466 /* HTTPStatusCodes.swift */,
				F8B114F523F854E400DA6466 /* Logging+.swift */,
				F8B114F323F854E400DA6466 /* Networking.swift */,
				F8B114F623F854E400DA6466 /* Operators.swift */,
				F8B114F723F854E400DA6466 /* Requests */,
				F8B114AF23F7ED3F00DA6466 /* Networking.h */,
				F8B114B023F7ED3F00DA6466 /* Info.plist */,
			);
			path = Networking;
			sourceTree = "<group>";
		};
		F8B114BB23F7ED3F00DA6466 /* NetworkingTests */ = {
			isa = PBXGroup;
			children = (
				F8B114BC23F7ED3F00DA6466 /* NetworkingTests.swift */,
				F8B114BE23F7ED3F00DA6466 /* Info.plist */,
			);
			path = NetworkingTests;
			sourceTree = "<group>";
		};
		F8B114D023F7EDC800DA6466 /* SceneBuilder */ = {
			isa = PBXGroup;
			children = (
				F8B114D123F7EDC800DA6466 /* SceneBuilder.h */,
				F8B114D223F7EDC800DA6466 /* Info.plist */,
				F8B114F123F8543300DA6466 /* SceneBuilder.swift */,
			);
			path = SceneBuilder;
			sourceTree = "<group>";
		};
		F8B114EC23F8540800DA6466 /* SceneBuilderTests */ = {
			isa = PBXGroup;
			children = (
				F8B114ED23F8540800DA6466 /* SceneBuilderTests.swift */,
				F8B114EE23F8540800DA6466 /* Info.plist */,
			);
			path = SceneBuilderTests;
			sourceTree = "<group>";
		};
		F8B114F723F854E400DA6466 /* Requests */ = {
			isa = PBXGroup;
			children = (
				F8B114F823F854E400DA6466 /* Requests+.swift */,
			);
			path = Requests;
			sourceTree = "<group>";
		};
		F8B1150A23F85AAD00DA6466 /* Counter */ = {
			isa = PBXGroup;
			children = (
				F8B1150023F8555D00DA6466 /* Counter.swift */,
				F8B1150223F855A400DA6466 /* CounterViewController.swift */,
				F8B1150423F855DC00DA6466 /* CounterViewController.xib */,
			);
			path = Counter;
			sourceTree = "<group>";
		};
/* End PBXGroup section */

/* Begin PBXHeadersBuildPhase section */
		F87E5DAB23F7D60B00FEC92D /* Headers */ = {
			isa = PBXHeadersBuildPhase;
			buildActionMask = 2147483647;
			files = (
				F87E5DC223F7D60B00FEC92D /* ComposableArchitecture.h in Headers */,
			);
			runOnlyForDeploymentPostprocessing = 0;
		};
		F8B113D923F7D91700DA6466 /* Headers */ = {
			isa = PBXHeadersBuildPhase;
			buildActionMask = 2147483647;
			files = (
				F8B113F023F7D91800DA6466 /* Counter.h in Headers */,
			);
			runOnlyForDeploymentPostprocessing = 0;
		};
		F8B114A823F7ED3F00DA6466 /* Headers */ = {
			isa = PBXHeadersBuildPhase;
			buildActionMask = 2147483647;
			files = (
				F8B114BF23F7ED3F00DA6466 /* Networking.h in Headers */,
			);
			runOnlyForDeploymentPostprocessing = 0;
		};
		F8B114CA23F7EDC800DA6466 /* Headers */ = {
			isa = PBXHeadersBuildPhase;
			buildActionMask = 2147483647;
			files = (
				F8B114E123F7EDC800DA6466 /* SceneBuilder.h in Headers */,
			);
			runOnlyForDeploymentPostprocessing = 0;
		};
/* End PBXHeadersBuildPhase section */

/* Begin PBXNativeTarget section */
		F87E5D7C23F7D3EA00FEC92D /* RxPrimeTime */ = {
			isa = PBXNativeTarget;
			buildConfigurationList = F87E5D9C23F7D3EC00FEC92D /* Build configuration list for PBXNativeTarget "RxPrimeTime" */;
			buildPhases = (
				D3C9AD5DF63D4C25BAFA8815 /* [CP] Check Pods Manifest.lock */,
				F87E5D7923F7D3EA00FEC92D /* Sources */,
				F87E5D7A23F7D3EA00FEC92D /* Frameworks */,
				F87E5D7B23F7D3EA00FEC92D /* Resources */,
				F87E5DCA23F7D60B00FEC92D /* Embed Frameworks */,
				806E2630E45FBC9D27333293 /* [CP] Embed Pods Frameworks */,
			);
			buildRules = (
			);
			dependencies = (
				F87E5DC423F7D60B00FEC92D /* PBXTargetDependency */,
				F8B113F223F7D91800DA6466 /* PBXTargetDependency */,
				F8B114C123F7ED3F00DA6466 /* PBXTargetDependency */,
				F8B114E323F7EDC800DA6466 /* PBXTargetDependency */,
			);
			name = RxPrimeTime;
			packageProductDependencies = (
			);
			productName = RxPrimeTime;
			productReference = F87E5D7D23F7D3EA00FEC92D /* RxPrimeTime.app */;
			productType = "com.apple.product-type.application";
		};
		F87E5D9223F7D3EC00FEC92D /* RxPrimeTimeTests */ = {
			isa = PBXNativeTarget;
			buildConfigurationList = F87E5D9F23F7D3EC00FEC92D /* Build configuration list for PBXNativeTarget "RxPrimeTimeTests" */;
			buildPhases = (
				5EB2F9C47B3C5FC0F1326E4F /* [CP] Check Pods Manifest.lock */,
				F87E5D8F23F7D3EC00FEC92D /* Sources */,
				F87E5D9023F7D3EC00FEC92D /* Frameworks */,
				F87E5D9123F7D3EC00FEC92D /* Resources */,
				887646ADF62CCD85231D3CD0 /* [CP] Embed Pods Frameworks */,
			);
			buildRules = (
			);
			dependencies = (
				F87E5D9523F7D3EC00FEC92D /* PBXTargetDependency */,
			);
			name = RxPrimeTimeTests;
			productName = RxPrimeTimeTests;
			productReference = F87E5D9323F7D3EC00FEC92D /* RxPrimeTimeTests.xctest */;
			productType = "com.apple.product-type.bundle.unit-test";
		};
		F87E5DAF23F7D60B00FEC92D /* ComposableArchitecture */ = {
			isa = PBXNativeTarget;
			buildConfigurationList = F87E5DC723F7D60B00FEC92D /* Build configuration list for PBXNativeTarget "ComposableArchitecture" */;
			buildPhases = (
				2D4857FCF2D42B5DF82F230E /* [CP] Check Pods Manifest.lock */,
				F87E5DAB23F7D60B00FEC92D /* Headers */,
				F87E5DAC23F7D60B00FEC92D /* Sources */,
				F87E5DAD23F7D60B00FEC92D /* Frameworks */,
				F87E5DAE23F7D60B00FEC92D /* Resources */,
			);
			buildRules = (
			);
			dependencies = (
			);
			name = ComposableArchitecture;
			productName = ComposableArchitecture;
			productReference = F87E5DB023F7D60B00FEC92D /* ComposableArchitecture.framework */;
			productType = "com.apple.product-type.framework";
		};
		F87E5DB723F7D60B00FEC92D /* ComposableArchitectureTests */ = {
			isa = PBXNativeTarget;
			buildConfigurationList = F87E5DCB23F7D60B00FEC92D /* Build configuration list for PBXNativeTarget "ComposableArchitectureTests" */;
			buildPhases = (
				23F09C3087D6CA9FCDF54D57 /* [CP] Check Pods Manifest.lock */,
				F87E5DB423F7D60B00FEC92D /* Sources */,
				F87E5DB523F7D60B00FEC92D /* Frameworks */,
				F87E5DB623F7D60B00FEC92D /* Resources */,
				5394106AD79EDEC259A38119 /* [CP] Embed Pods Frameworks */,
			);
			buildRules = (
			);
			dependencies = (
				F87E5DBB23F7D60B00FEC92D /* PBXTargetDependency */,
				F87E5DBD23F7D60B00FEC92D /* PBXTargetDependency */,
			);
			name = ComposableArchitectureTests;
			productName = ComposableArchitectureTests;
			productReference = F87E5DB823F7D60B00FEC92D /* ComposableArchitectureTests.xctest */;
			productType = "com.apple.product-type.bundle.unit-test";
		};
		F8B113DD23F7D91700DA6466 /* Counter */ = {
			isa = PBXNativeTarget;
			buildConfigurationList = F8B113F923F7D91800DA6466 /* Build configuration list for PBXNativeTarget "Counter" */;
			buildPhases = (
				A1AB023B201EDF103D9D922A /* [CP] Check Pods Manifest.lock */,
				F8B113D923F7D91700DA6466 /* Headers */,
				F8B113DA23F7D91700DA6466 /* Sources */,
				F8B113DB23F7D91700DA6466 /* Frameworks */,
				F8B113DC23F7D91700DA6466 /* Resources */,
			);
			buildRules = (
			);
			dependencies = (
			);
			name = Counter;
			productName = Counter;
			productReference = F8B113DE23F7D91700DA6466 /* Counter.framework */;
			productType = "com.apple.product-type.framework";
		};
		F8B113E523F7D91800DA6466 /* CounterTests */ = {
			isa = PBXNativeTarget;
			buildConfigurationList = F8B113FA23F7D91800DA6466 /* Build configuration list for PBXNativeTarget "CounterTests" */;
			buildPhases = (
				FBA32361911C92FF6CE72A04 /* [CP] Check Pods Manifest.lock */,
				F8B113E223F7D91800DA6466 /* Sources */,
				F8B113E323F7D91800DA6466 /* Frameworks */,
				F8B113E423F7D91800DA6466 /* Resources */,
				2E809F9E2D3B1333F38CA174 /* [CP] Embed Pods Frameworks */,
			);
			buildRules = (
			);
			dependencies = (
				F8B113E923F7D91800DA6466 /* PBXTargetDependency */,
				F8B113EB23F7D91800DA6466 /* PBXTargetDependency */,
			);
			name = CounterTests;
			productName = CounterTests;
			productReference = F8B113E623F7D91800DA6466 /* CounterTests.xctest */;
			productType = "com.apple.product-type.bundle.unit-test";
		};
		F8B114AC23F7ED3F00DA6466 /* Networking */ = {
			isa = PBXNativeTarget;
			buildConfigurationList = F8B114C423F7ED3F00DA6466 /* Build configuration list for PBXNativeTarget "Networking" */;
			buildPhases = (
				F8B114A823F7ED3F00DA6466 /* Headers */,
				F8B114A923F7ED3F00DA6466 /* Sources */,
				F8B114AA23F7ED3F00DA6466 /* Frameworks */,
				F8B114AB23F7ED3F00DA6466 /* Resources */,
			);
			buildRules = (
			);
			dependencies = (
			);
			name = Networking;
			productName = Networking;
			productReference = F8B114AD23F7ED3F00DA6466 /* Networking.framework */;
			productType = "com.apple.product-type.framework";
		};
		F8B114B423F7ED3F00DA6466 /* NetworkingTests */ = {
			isa = PBXNativeTarget;
			buildConfigurationList = F8B114C723F7ED3F00DA6466 /* Build configuration list for PBXNativeTarget "NetworkingTests" */;
			buildPhases = (
				F8B114B123F7ED3F00DA6466 /* Sources */,
				F8B114B223F7ED3F00DA6466 /* Frameworks */,
				F8B114B323F7ED3F00DA6466 /* Resources */,
			);
			buildRules = (
			);
			dependencies = (
				F8B114B823F7ED3F00DA6466 /* PBXTargetDependency */,
				F8B114BA23F7ED3F00DA6466 /* PBXTargetDependency */,
			);
			name = NetworkingTests;
			productName = NetworkingTests;
			productReference = F8B114B523F7ED3F00DA6466 /* NetworkingTests.xctest */;
			productType = "com.apple.product-type.bundle.unit-test";
		};
		F8B114CE23F7EDC800DA6466 /* SceneBuilder */ = {
			isa = PBXNativeTarget;
			buildConfigurationList = F8B114E623F7EDC800DA6466 /* Build configuration list for PBXNativeTarget "SceneBuilder" */;
			buildPhases = (
				F8B114CA23F7EDC800DA6466 /* Headers */,
				F8B114CB23F7EDC800DA6466 /* Sources */,
				F8B114CC23F7EDC800DA6466 /* Frameworks */,
				F8B114CD23F7EDC800DA6466 /* Resources */,
			);
			buildRules = (
			);
			dependencies = (
			);
			name = SceneBuilder;
			productName = SceneBuilder;
			productReference = F8B114CF23F7EDC800DA6466 /* SceneBuilder.framework */;
			productType = "com.apple.product-type.framework";
		};
		F8B114D623F7EDC800DA6466 /* SceneBuilderTests */ = {
			isa = PBXNativeTarget;
			buildConfigurationList = F8B114E923F7EDC800DA6466 /* Build configuration list for PBXNativeTarget "SceneBuilderTests" */;
			buildPhases = (
				F8B114D323F7EDC800DA6466 /* Sources */,
				F8B114D423F7EDC800DA6466 /* Frameworks */,
				F8B114D523F7EDC800DA6466 /* Resources */,
			);
			buildRules = (
			);
			dependencies = (
				F8B114DA23F7EDC800DA6466 /* PBXTargetDependency */,
				F8B114DC23F7EDC800DA6466 /* PBXTargetDependency */,
			);
			name = SceneBuilderTests;
			productName = SceneBuilderTests;
			productReference = F8B114D723F7EDC800DA6466 /* SceneBuilderTests.xctest */;
			productType = "com.apple.product-type.bundle.unit-test";
		};
/* End PBXNativeTarget section */

/* Begin PBXProject section */
		F87E5D7523F7D3EA00FEC92D /* Project object */ = {
			isa = PBXProject;
			attributes = {
				LastSwiftUpdateCheck = 1130;
				LastUpgradeCheck = 1130;
				ORGANIZATIONNAME = Bordet;
				TargetAttributes = {
					F87E5D7C23F7D3EA00FEC92D = {
						CreatedOnToolsVersion = 11.3;
					};
					F87E5D9223F7D3EC00FEC92D = {
						CreatedOnToolsVersion = 11.3;
						TestTargetID = F87E5D7C23F7D3EA00FEC92D;
					};
					F87E5DAF23F7D60B00FEC92D = {
						CreatedOnToolsVersion = 11.3;
						LastSwiftMigration = 1130;
					};
					F87E5DB723F7D60B00FEC92D = {
						CreatedOnToolsVersion = 11.3;
						TestTargetID = F87E5D7C23F7D3EA00FEC92D;
					};
					F8B113DD23F7D91700DA6466 = {
						CreatedOnToolsVersion = 11.3;
						LastSwiftMigration = 1130;
					};
					F8B113E523F7D91800DA6466 = {
						CreatedOnToolsVersion = 11.3;
						TestTargetID = F87E5D7C23F7D3EA00FEC92D;
					};
					F8B114AC23F7ED3F00DA6466 = {
						CreatedOnToolsVersion = 11.3;
						LastSwiftMigration = 1130;
					};
					F8B114B423F7ED3F00DA6466 = {
						CreatedOnToolsVersion = 11.3;
						TestTargetID = F87E5D7C23F7D3EA00FEC92D;
					};
					F8B114CE23F7EDC800DA6466 = {
						CreatedOnToolsVersion = 11.3;
						LastSwiftMigration = 1130;
					};
					F8B114D623F7EDC800DA6466 = {
						CreatedOnToolsVersion = 11.3;
						TestTargetID = F87E5D7C23F7D3EA00FEC92D;
					};
				};
			};
			buildConfigurationList = F87E5D7823F7D3EA00FEC92D /* Build configuration list for PBXProject "RxPrimeTime" */;
			compatibilityVersion = "Xcode 9.3";
			developmentRegion = en;
			hasScannedForEncodings = 0;
			knownRegions = (
				en,
				Base,
			);
			mainGroup = F87E5D7423F7D3EA00FEC92D;
			productRefGroup = F87E5D7E23F7D3EA00FEC92D /* Products */;
			projectDirPath = "";
			projectRoot = "";
			targets = (
				F87E5D7C23F7D3EA00FEC92D /* RxPrimeTime */,
				F87E5D9223F7D3EC00FEC92D /* RxPrimeTimeTests */,
				F87E5DAF23F7D60B00FEC92D /* ComposableArchitecture */,
				F87E5DB723F7D60B00FEC92D /* ComposableArchitectureTests */,
				F8B113DD23F7D91700DA6466 /* Counter */,
				F8B113E523F7D91800DA6466 /* CounterTests */,
				F8B114AC23F7ED3F00DA6466 /* Networking */,
				F8B114B423F7ED3F00DA6466 /* NetworkingTests */,
				F8B114CE23F7EDC800DA6466 /* SceneBuilder */,
				F8B114D623F7EDC800DA6466 /* SceneBuilderTests */,
			);
		};
/* End PBXProject section */

/* Begin PBXResourcesBuildPhase section */
		F87E5D7B23F7D3EA00FEC92D /* Resources */ = {
			isa = PBXResourcesBuildPhase;
			buildActionMask = 2147483647;
			files = (
				F87E5D8D23F7D3EC00FEC92D /* LaunchScreen.storyboard in Resources */,
				F87E5DA723F7D4C600FEC92D /* MainViewController.xib in Resources */,
				F87E5D8A23F7D3EC00FEC92D /* Assets.xcassets in Resources */,
			);
			runOnlyForDeploymentPostprocessing = 0;
		};
		F87E5D9123F7D3EC00FEC92D /* Resources */ = {
			isa = PBXResourcesBuildPhase;
			buildActionMask = 2147483647;
			files = (
			);
			runOnlyForDeploymentPostprocessing = 0;
		};
		F87E5DAE23F7D60B00FEC92D /* Resources */ = {
			isa = PBXResourcesBuildPhase;
			buildActionMask = 2147483647;
			files = (
			);
			runOnlyForDeploymentPostprocessing = 0;
		};
		F87E5DB623F7D60B00FEC92D /* Resources */ = {
			isa = PBXResourcesBuildPhase;
			buildActionMask = 2147483647;
			files = (
			);
			runOnlyForDeploymentPostprocessing = 0;
		};
		F8B113DC23F7D91700DA6466 /* Resources */ = {
			isa = PBXResourcesBuildPhase;
			buildActionMask = 2147483647;
			files = (
				F8B1141C23F7DD9000DA6466 /* PrimeModalViewController.xib in Resources */,
				F8B1150523F855DC00DA6466 /* CounterViewController.xib in Resources */,
			);
			runOnlyForDeploymentPostprocessing = 0;
		};
		F8B113E423F7D91800DA6466 /* Resources */ = {
			isa = PBXResourcesBuildPhase;
			buildActionMask = 2147483647;
			files = (
			);
			runOnlyForDeploymentPostprocessing = 0;
		};
		F8B114AB23F7ED3F00DA6466 /* Resources */ = {
			isa = PBXResourcesBuildPhase;
			buildActionMask = 2147483647;
			files = (
			);
			runOnlyForDeploymentPostprocessing = 0;
		};
		F8B114B323F7ED3F00DA6466 /* Resources */ = {
			isa = PBXResourcesBuildPhase;
			buildActionMask = 2147483647;
			files = (
			);
			runOnlyForDeploymentPostprocessing = 0;
		};
		F8B114CD23F7EDC800DA6466 /* Resources */ = {
			isa = PBXResourcesBuildPhase;
			buildActionMask = 2147483647;
			files = (
			);
			runOnlyForDeploymentPostprocessing = 0;
		};
		F8B114D523F7EDC800DA6466 /* Resources */ = {
			isa = PBXResourcesBuildPhase;
			buildActionMask = 2147483647;
			files = (
				F8B114F023F8540800DA6466 /* Info.plist in Resources */,
			);
			runOnlyForDeploymentPostprocessing = 0;
		};
/* End PBXResourcesBuildPhase section */

/* Begin PBXShellScriptBuildPhase section */
		23F09C3087D6CA9FCDF54D57 /* [CP] Check Pods Manifest.lock */ = {
			isa = PBXShellScriptBuildPhase;
			buildActionMask = 2147483647;
			files = (
			);
			inputFileListPaths = (
			);
			inputPaths = (
				"${PODS_PODFILE_DIR_PATH}/Podfile.lock",
				"${PODS_ROOT}/Manifest.lock",
			);
			name = "[CP] Check Pods Manifest.lock";
			outputFileListPaths = (
			);
			outputPaths = (
				"$(DERIVED_FILE_DIR)/Pods-ComposableArchitecture-ComposableArchitectureTests-checkManifestLockResult.txt",
			);
			runOnlyForDeploymentPostprocessing = 0;
			shellPath = /bin/sh;
			shellScript = "diff \"${PODS_PODFILE_DIR_PATH}/Podfile.lock\" \"${PODS_ROOT}/Manifest.lock\" > /dev/null\nif [ $? != 0 ] ; then\n    # print error to STDERR\n    echo \"error: The sandbox is not in sync with the Podfile.lock. Run 'pod install' or update your CocoaPods installation.\" >&2\n    exit 1\nfi\n# This output is used by Xcode 'outputs' to avoid re-running this script phase.\necho \"SUCCESS\" > \"${SCRIPT_OUTPUT_FILE_0}\"\n";
			showEnvVarsInLog = 0;
		};
		2D4857FCF2D42B5DF82F230E /* [CP] Check Pods Manifest.lock */ = {
			isa = PBXShellScriptBuildPhase;
			buildActionMask = 2147483647;
			files = (
			);
			inputFileListPaths = (
			);
			inputPaths = (
				"${PODS_PODFILE_DIR_PATH}/Podfile.lock",
				"${PODS_ROOT}/Manifest.lock",
			);
			name = "[CP] Check Pods Manifest.lock";
			outputFileListPaths = (
			);
			outputPaths = (
				"$(DERIVED_FILE_DIR)/Pods-ComposableArchitecture-checkManifestLockResult.txt",
			);
			runOnlyForDeploymentPostprocessing = 0;
			shellPath = /bin/sh;
			shellScript = "diff \"${PODS_PODFILE_DIR_PATH}/Podfile.lock\" \"${PODS_ROOT}/Manifest.lock\" > /dev/null\nif [ $? != 0 ] ; then\n    # print error to STDERR\n    echo \"error: The sandbox is not in sync with the Podfile.lock. Run 'pod install' or update your CocoaPods installation.\" >&2\n    exit 1\nfi\n# This output is used by Xcode 'outputs' to avoid re-running this script phase.\necho \"SUCCESS\" > \"${SCRIPT_OUTPUT_FILE_0}\"\n";
			showEnvVarsInLog = 0;
		};
		2E809F9E2D3B1333F38CA174 /* [CP] Embed Pods Frameworks */ = {
			isa = PBXShellScriptBuildPhase;
			buildActionMask = 2147483647;
			files = (
			);
			inputFileListPaths = (
				"${PODS_ROOT}/Target Support Files/Pods-Counter-CounterTests/Pods-Counter-CounterTests-frameworks-${CONFIGURATION}-input-files.xcfilelist",
			);
			name = "[CP] Embed Pods Frameworks";
			outputFileListPaths = (
				"${PODS_ROOT}/Target Support Files/Pods-Counter-CounterTests/Pods-Counter-CounterTests-frameworks-${CONFIGURATION}-output-files.xcfilelist",
			);
			runOnlyForDeploymentPostprocessing = 0;
			shellPath = /bin/sh;
			shellScript = "\"${PODS_ROOT}/Target Support Files/Pods-Counter-CounterTests/Pods-Counter-CounterTests-frameworks.sh\"\n";
			showEnvVarsInLog = 0;
		};
		5394106AD79EDEC259A38119 /* [CP] Embed Pods Frameworks */ = {
			isa = PBXShellScriptBuildPhase;
			buildActionMask = 2147483647;
			files = (
			);
			inputFileListPaths = (
				"${PODS_ROOT}/Target Support Files/Pods-ComposableArchitecture-ComposableArchitectureTests/Pods-ComposableArchitecture-ComposableArchitectureTests-frameworks-${CONFIGURATION}-input-files.xcfilelist",
			);
			name = "[CP] Embed Pods Frameworks";
			outputFileListPaths = (
				"${PODS_ROOT}/Target Support Files/Pods-ComposableArchitecture-ComposableArchitectureTests/Pods-ComposableArchitecture-ComposableArchitectureTests-frameworks-${CONFIGURATION}-output-files.xcfilelist",
			);
			runOnlyForDeploymentPostprocessing = 0;
			shellPath = /bin/sh;
			shellScript = "\"${PODS_ROOT}/Target Support Files/Pods-ComposableArchitecture-ComposableArchitectureTests/Pods-ComposableArchitecture-ComposableArchitectureTests-frameworks.sh\"\n";
			showEnvVarsInLog = 0;
		};
		5EB2F9C47B3C5FC0F1326E4F /* [CP] Check Pods Manifest.lock */ = {
			isa = PBXShellScriptBuildPhase;
			buildActionMask = 2147483647;
			files = (
			);
			inputFileListPaths = (
			);
			inputPaths = (
				"${PODS_PODFILE_DIR_PATH}/Podfile.lock",
				"${PODS_ROOT}/Manifest.lock",
			);
			name = "[CP] Check Pods Manifest.lock";
			outputFileListPaths = (
			);
			outputPaths = (
				"$(DERIVED_FILE_DIR)/Pods-RxPrimeTimeTests-checkManifestLockResult.txt",
			);
			runOnlyForDeploymentPostprocessing = 0;
			shellPath = /bin/sh;
			shellScript = "diff \"${PODS_PODFILE_DIR_PATH}/Podfile.lock\" \"${PODS_ROOT}/Manifest.lock\" > /dev/null\nif [ $? != 0 ] ; then\n    # print error to STDERR\n    echo \"error: The sandbox is not in sync with the Podfile.lock. Run 'pod install' or update your CocoaPods installation.\" >&2\n    exit 1\nfi\n# This output is used by Xcode 'outputs' to avoid re-running this script phase.\necho \"SUCCESS\" > \"${SCRIPT_OUTPUT_FILE_0}\"\n";
			showEnvVarsInLog = 0;
		};
		806E2630E45FBC9D27333293 /* [CP] Embed Pods Frameworks */ = {
			isa = PBXShellScriptBuildPhase;
			buildActionMask = 2147483647;
			files = (
			);
			inputFileListPaths = (
				"${PODS_ROOT}/Target Support Files/Pods-RxPrimeTime/Pods-RxPrimeTime-frameworks-${CONFIGURATION}-input-files.xcfilelist",
			);
			name = "[CP] Embed Pods Frameworks";
			outputFileListPaths = (
				"${PODS_ROOT}/Target Support Files/Pods-RxPrimeTime/Pods-RxPrimeTime-frameworks-${CONFIGURATION}-output-files.xcfilelist",
			);
			runOnlyForDeploymentPostprocessing = 0;
			shellPath = /bin/sh;
			shellScript = "\"${PODS_ROOT}/Target Support Files/Pods-RxPrimeTime/Pods-RxPrimeTime-frameworks.sh\"\n";
			showEnvVarsInLog = 0;
		};
		887646ADF62CCD85231D3CD0 /* [CP] Embed Pods Frameworks */ = {
			isa = PBXShellScriptBuildPhase;
			buildActionMask = 2147483647;
			files = (
			);
			inputFileListPaths = (
				"${PODS_ROOT}/Target Support Files/Pods-RxPrimeTimeTests/Pods-RxPrimeTimeTests-frameworks-${CONFIGURATION}-input-files.xcfilelist",
			);
			name = "[CP] Embed Pods Frameworks";
			outputFileListPaths = (
				"${PODS_ROOT}/Target Support Files/Pods-RxPrimeTimeTests/Pods-RxPrimeTimeTests-frameworks-${CONFIGURATION}-output-files.xcfilelist",
			);
			runOnlyForDeploymentPostprocessing = 0;
			shellPath = /bin/sh;
			shellScript = "\"${PODS_ROOT}/Target Support Files/Pods-RxPrimeTimeTests/Pods-RxPrimeTimeTests-frameworks.sh\"\n";
			showEnvVarsInLog = 0;
		};
		A1AB023B201EDF103D9D922A /* [CP] Check Pods Manifest.lock */ = {
			isa = PBXShellScriptBuildPhase;
			buildActionMask = 2147483647;
			files = (
			);
			inputFileListPaths = (
			);
			inputPaths = (
				"${PODS_PODFILE_DIR_PATH}/Podfile.lock",
				"${PODS_ROOT}/Manifest.lock",
			);
			name = "[CP] Check Pods Manifest.lock";
			outputFileListPaths = (
			);
			outputPaths = (
				"$(DERIVED_FILE_DIR)/Pods-Counter-checkManifestLockResult.txt",
			);
			runOnlyForDeploymentPostprocessing = 0;
			shellPath = /bin/sh;
			shellScript = "diff \"${PODS_PODFILE_DIR_PATH}/Podfile.lock\" \"${PODS_ROOT}/Manifest.lock\" > /dev/null\nif [ $? != 0 ] ; then\n    # print error to STDERR\n    echo \"error: The sandbox is not in sync with the Podfile.lock. Run 'pod install' or update your CocoaPods installation.\" >&2\n    exit 1\nfi\n# This output is used by Xcode 'outputs' to avoid re-running this script phase.\necho \"SUCCESS\" > \"${SCRIPT_OUTPUT_FILE_0}\"\n";
			showEnvVarsInLog = 0;
		};
		D3C9AD5DF63D4C25BAFA8815 /* [CP] Check Pods Manifest.lock */ = {
			isa = PBXShellScriptBuildPhase;
			buildActionMask = 2147483647;
			files = (
			);
			inputFileListPaths = (
			);
			inputPaths = (
				"${PODS_PODFILE_DIR_PATH}/Podfile.lock",
				"${PODS_ROOT}/Manifest.lock",
			);
			name = "[CP] Check Pods Manifest.lock";
			outputFileListPaths = (
			);
			outputPaths = (
				"$(DERIVED_FILE_DIR)/Pods-RxPrimeTime-checkManifestLockResult.txt",
			);
			runOnlyForDeploymentPostprocessing = 0;
			shellPath = /bin/sh;
			shellScript = "diff \"${PODS_PODFILE_DIR_PATH}/Podfile.lock\" \"${PODS_ROOT}/Manifest.lock\" > /dev/null\nif [ $? != 0 ] ; then\n    # print error to STDERR\n    echo \"error: The sandbox is not in sync with the Podfile.lock. Run 'pod install' or update your CocoaPods installation.\" >&2\n    exit 1\nfi\n# This output is used by Xcode 'outputs' to avoid re-running this script phase.\necho \"SUCCESS\" > \"${SCRIPT_OUTPUT_FILE_0}\"\n";
			showEnvVarsInLog = 0;
		};
		FBA32361911C92FF6CE72A04 /* [CP] Check Pods Manifest.lock */ = {
			isa = PBXShellScriptBuildPhase;
			buildActionMask = 2147483647;
			files = (
			);
			inputFileListPaths = (
			);
			inputPaths = (
				"${PODS_PODFILE_DIR_PATH}/Podfile.lock",
				"${PODS_ROOT}/Manifest.lock",
			);
			name = "[CP] Check Pods Manifest.lock";
			outputFileListPaths = (
			);
			outputPaths = (
				"$(DERIVED_FILE_DIR)/Pods-Counter-CounterTests-checkManifestLockResult.txt",
			);
			runOnlyForDeploymentPostprocessing = 0;
			shellPath = /bin/sh;
			shellScript = "diff \"${PODS_PODFILE_DIR_PATH}/Podfile.lock\" \"${PODS_ROOT}/Manifest.lock\" > /dev/null\nif [ $? != 0 ] ; then\n    # print error to STDERR\n    echo \"error: The sandbox is not in sync with the Podfile.lock. Run 'pod install' or update your CocoaPods installation.\" >&2\n    exit 1\nfi\n# This output is used by Xcode 'outputs' to avoid re-running this script phase.\necho \"SUCCESS\" > \"${SCRIPT_OUTPUT_FILE_0}\"\n";
			showEnvVarsInLog = 0;
		};
/* End PBXShellScriptBuildPhase section */

/* Begin PBXSourcesBuildPhase section */
		F87E5D7923F7D3EA00FEC92D /* Sources */ = {
			isa = PBXSourcesBuildPhase;
			buildActionMask = 2147483647;
			files = (
				F87E5DA623F7D4C600FEC92D /* MainViewController.swift in Sources */,
				F8B1141E23F7DDBB00DA6466 /* Rx+extensions.swift in Sources */,
				F87E5D8123F7D3EA00FEC92D /* AppDelegate.swift in Sources */,
			);
			runOnlyForDeploymentPostprocessing = 0;
		};
		F87E5D8F23F7D3EC00FEC92D /* Sources */ = {
			isa = PBXSourcesBuildPhase;
			buildActionMask = 2147483647;
			files = (
				F87E5D9823F7D3EC00FEC92D /* RxPrimeTimeTests.swift in Sources */,
				F8B1142323F7E70D00DA6466 /* ComposableArchitectureTestSupport.swift in Sources */,
			);
			runOnlyForDeploymentPostprocessing = 0;
		};
		F87E5DAC23F7D60B00FEC92D /* Sources */ = {
			isa = PBXSourcesBuildPhase;
			buildActionMask = 2147483647;
			files = (
				F87E5DD323F7D72700FEC92D /* Effect.swift in Sources */,
				F87E5DCF23F7D61C00FEC92D /* ComposableArchitecture.swift in Sources */,
				F87E5DD123F7D70100FEC92D /* Utils.swift in Sources */,
			);
			runOnlyForDeploymentPostprocessing = 0;
		};
		F87E5DB423F7D60B00FEC92D /* Sources */ = {
			isa = PBXSourcesBuildPhase;
			buildActionMask = 2147483647;
			files = (
				F87E5DC023F7D60B00FEC92D /* ComposableArchitectureTests.swift in Sources */,
				F8B1142423F7E70D00DA6466 /* ComposableArchitectureTestSupport.swift in Sources */,
			);
			runOnlyForDeploymentPostprocessing = 0;
		};
		F8B113DA23F7D91700DA6466 /* Sources */ = {
			isa = PBXSourcesBuildPhase;
			buildActionMask = 2147483647;
			files = (
				F8B1150323F855A400DA6466 /* CounterViewController.swift in Sources */,
				F8B1150123F8555D00DA6466 /* Counter.swift in Sources */,
				F8B1141A23F7DD6600DA6466 /* PrimeModalViewController.swift in Sources */,
				F8B1141F23F7DE2A00DA6466 /* Rx+extensions.swift in Sources */,
				F8B1150923F859EA00DA6466 /* Counter+Environment.swift in Sources */,
				F8B1141823F7DD2200DA6466 /* PrimeModal.swift in Sources */,
				F8B1150723F8594E00DA6466 /* CounterView.swift in Sources */,
			);
			runOnlyForDeploymentPostprocessing = 0;
		};
		F8B113E223F7D91800DA6466 /* Sources */ = {
			isa = PBXSourcesBuildPhase;
			buildActionMask = 2147483647;
			files = (
				F8B113EE23F7D91800DA6466 /* CounterTests.swift in Sources */,
				F8B1142523F7E70D00DA6466 /* ComposableArchitectureTestSupport.swift in Sources */,
			);
			runOnlyForDeploymentPostprocessing = 0;
		};
		F8B114A923F7ED3F00DA6466 /* Sources */ = {
			isa = PBXSourcesBuildPhase;
			buildActionMask = 2147483647;
			files = (
				F8B114FC23F854E400DA6466 /* Logging+.swift in Sources */,
				F8B114FD23F854E400DA6466 /* Operators.swift in Sources */,
				F8B114FB23F854E400DA6466 /* APIRequest.swift in Sources */,
				F8B114FA23F854E400DA6466 /* Networking.swift in Sources */,
				F8B114FF23F854E400DA6466 /* HTTPStatusCodes.swift in Sources */,
				F8B114FE23F854E400DA6466 /* Requests+.swift in Sources */,
			);
			runOnlyForDeploymentPostprocessing = 0;
		};
		F8B114B123F7ED3F00DA6466 /* Sources */ = {
			isa = PBXSourcesBuildPhase;
			buildActionMask = 2147483647;
			files = (
				F8B114BD23F7ED3F00DA6466 /* NetworkingTests.swift in Sources */,
			);
			runOnlyForDeploymentPostprocessing = 0;
		};
		F8B114CB23F7EDC800DA6466 /* Sources */ = {
			isa = PBXSourcesBuildPhase;
			buildActionMask = 2147483647;
			files = (
				F8B114F223F8543300DA6466 /* SceneBuilder.swift in Sources */,
			);
			runOnlyForDeploymentPostprocessing = 0;
		};
		F8B114D323F7EDC800DA6466 /* Sources */ = {
			isa = PBXSourcesBuildPhase;
			buildActionMask = 2147483647;
			files = (
				F8B114EF23F8540800DA6466 /* SceneBuilderTests.swift in Sources */,
			);
			runOnlyForDeploymentPostprocessing = 0;
		};
/* End PBXSourcesBuildPhase section */

/* Begin PBXTargetDependency section */
		F87E5D9523F7D3EC00FEC92D /* PBXTargetDependency */ = {
			isa = PBXTargetDependency;
			target = F87E5D7C23F7D3EA00FEC92D /* RxPrimeTime */;
			targetProxy = F87E5D9423F7D3EC00FEC92D /* PBXContainerItemProxy */;
		};
		F87E5DBB23F7D60B00FEC92D /* PBXTargetDependency */ = {
			isa = PBXTargetDependency;
			target = F87E5DAF23F7D60B00FEC92D /* ComposableArchitecture */;
			targetProxy = F87E5DBA23F7D60B00FEC92D /* PBXContainerItemProxy */;
		};
		F87E5DBD23F7D60B00FEC92D /* PBXTargetDependency */ = {
			isa = PBXTargetDependency;
			target = F87E5D7C23F7D3EA00FEC92D /* RxPrimeTime */;
			targetProxy = F87E5DBC23F7D60B00FEC92D /* PBXContainerItemProxy */;
		};
		F87E5DC423F7D60B00FEC92D /* PBXTargetDependency */ = {
			isa = PBXTargetDependency;
			target = F87E5DAF23F7D60B00FEC92D /* ComposableArchitecture */;
			targetProxy = F87E5DC323F7D60B00FEC92D /* PBXContainerItemProxy */;
		};
		F8B113E923F7D91800DA6466 /* PBXTargetDependency */ = {
			isa = PBXTargetDependency;
			target = F8B113DD23F7D91700DA6466 /* Counter */;
			targetProxy = F8B113E823F7D91800DA6466 /* PBXContainerItemProxy */;
		};
		F8B113EB23F7D91800DA6466 /* PBXTargetDependency */ = {
			isa = PBXTargetDependency;
			target = F87E5D7C23F7D3EA00FEC92D /* RxPrimeTime */;
			targetProxy = F8B113EA23F7D91800DA6466 /* PBXContainerItemProxy */;
		};
		F8B113F223F7D91800DA6466 /* PBXTargetDependency */ = {
			isa = PBXTargetDependency;
			target = F8B113DD23F7D91700DA6466 /* Counter */;
			targetProxy = F8B113F123F7D91800DA6466 /* PBXContainerItemProxy */;
		};
		F8B114B823F7ED3F00DA6466 /* PBXTargetDependency */ = {
			isa = PBXTargetDependency;
			target = F8B114AC23F7ED3F00DA6466 /* Networking */;
			targetProxy = F8B114B723F7ED3F00DA6466 /* PBXContainerItemProxy */;
		};
		F8B114BA23F7ED3F00DA6466 /* PBXTargetDependency */ = {
			isa = PBXTargetDependency;
			target = F87E5D7C23F7D3EA00FEC92D /* RxPrimeTime */;
			targetProxy = F8B114B923F7ED3F00DA6466 /* PBXContainerItemProxy */;
		};
		F8B114C123F7ED3F00DA6466 /* PBXTargetDependency */ = {
			isa = PBXTargetDependency;
			target = F8B114AC23F7ED3F00DA6466 /* Networking */;
			targetProxy = F8B114C023F7ED3F00DA6466 /* PBXContainerItemProxy */;
		};
		F8B114DA23F7EDC800DA6466 /* PBXTargetDependency */ = {
			isa = PBXTargetDependency;
			target = F8B114CE23F7EDC800DA6466 /* SceneBuilder */;
			targetProxy = F8B114D923F7EDC800DA6466 /* PBXContainerItemProxy */;
		};
		F8B114DC23F7EDC800DA6466 /* PBXTargetDependency */ = {
			isa = PBXTargetDependency;
			target = F87E5D7C23F7D3EA00FEC92D /* RxPrimeTime */;
			targetProxy = F8B114DB23F7EDC800DA6466 /* PBXContainerItemProxy */;
		};
		F8B114E323F7EDC800DA6466 /* PBXTargetDependency */ = {
			isa = PBXTargetDependency;
			target = F8B114CE23F7EDC800DA6466 /* SceneBuilder */;
			targetProxy = F8B114E223F7EDC800DA6466 /* PBXContainerItemProxy */;
		};
/* End PBXTargetDependency section */

/* Begin PBXVariantGroup section */
		F87E5D8B23F7D3EC00FEC92D /* LaunchScreen.storyboard */ = {
			isa = PBXVariantGroup;
			children = (
				F87E5D8C23F7D3EC00FEC92D /* Base */,
			);
			name = LaunchScreen.storyboard;
			sourceTree = "<group>";
		};
/* End PBXVariantGroup section */

/* Begin XCBuildConfiguration section */
		F87E5D9A23F7D3EC00FEC92D /* Debug */ = {
			isa = XCBuildConfiguration;
			buildSettings = {
				ALWAYS_SEARCH_USER_PATHS = NO;
				CLANG_ANALYZER_NONNULL = YES;
				CLANG_ANALYZER_NUMBER_OBJECT_CONVERSION = YES_AGGRESSIVE;
				CLANG_CXX_LANGUAGE_STANDARD = "gnu++14";
				CLANG_CXX_LIBRARY = "libc++";
				CLANG_ENABLE_MODULES = YES;
				CLANG_ENABLE_OBJC_ARC = YES;
				CLANG_ENABLE_OBJC_WEAK = YES;
				CLANG_WARN_BLOCK_CAPTURE_AUTORELEASING = YES;
				CLANG_WARN_BOOL_CONVERSION = YES;
				CLANG_WARN_COMMA = YES;
				CLANG_WARN_CONSTANT_CONVERSION = YES;
				CLANG_WARN_DEPRECATED_OBJC_IMPLEMENTATIONS = YES;
				CLANG_WARN_DIRECT_OBJC_ISA_USAGE = YES_ERROR;
				CLANG_WARN_DOCUMENTATION_COMMENTS = YES;
				CLANG_WARN_EMPTY_BODY = YES;
				CLANG_WARN_ENUM_CONVERSION = YES;
				CLANG_WARN_INFINITE_RECURSION = YES;
				CLANG_WARN_INT_CONVERSION = YES;
				CLANG_WARN_NON_LITERAL_NULL_CONVERSION = YES;
				CLANG_WARN_OBJC_IMPLICIT_RETAIN_SELF = YES;
				CLANG_WARN_OBJC_LITERAL_CONVERSION = YES;
				CLANG_WARN_OBJC_ROOT_CLASS = YES_ERROR;
				CLANG_WARN_RANGE_LOOP_ANALYSIS = YES;
				CLANG_WARN_STRICT_PROTOTYPES = YES;
				CLANG_WARN_SUSPICIOUS_MOVE = YES;
				CLANG_WARN_UNGUARDED_AVAILABILITY = YES_AGGRESSIVE;
				CLANG_WARN_UNREACHABLE_CODE = YES;
				CLANG_WARN__DUPLICATE_METHOD_MATCH = YES;
				COPY_PHASE_STRIP = NO;
				DEBUG_INFORMATION_FORMAT = dwarf;
				ENABLE_STRICT_OBJC_MSGSEND = YES;
				ENABLE_TESTABILITY = YES;
				GCC_C_LANGUAGE_STANDARD = gnu11;
				GCC_DYNAMIC_NO_PIC = NO;
				GCC_NO_COMMON_BLOCKS = YES;
				GCC_OPTIMIZATION_LEVEL = 0;
				GCC_PREPROCESSOR_DEFINITIONS = (
					"DEBUG=1",
					"$(inherited)",
				);
				GCC_WARN_64_TO_32_BIT_CONVERSION = YES;
				GCC_WARN_ABOUT_RETURN_TYPE = YES_ERROR;
				GCC_WARN_UNDECLARED_SELECTOR = YES;
				GCC_WARN_UNINITIALIZED_AUTOS = YES_AGGRESSIVE;
				GCC_WARN_UNUSED_FUNCTION = YES;
				GCC_WARN_UNUSED_VARIABLE = YES;
				IPHONEOS_DEPLOYMENT_TARGET = 10.0;
				MTL_ENABLE_DEBUG_INFO = INCLUDE_SOURCE;
				MTL_FAST_MATH = YES;
				ONLY_ACTIVE_ARCH = YES;
				SDKROOT = iphoneos;
				SWIFT_ACTIVE_COMPILATION_CONDITIONS = DEBUG;
				SWIFT_OPTIMIZATION_LEVEL = "-Onone";
			};
			name = Debug;
		};
		F87E5D9B23F7D3EC00FEC92D /* Release */ = {
			isa = XCBuildConfiguration;
			buildSettings = {
				ALWAYS_SEARCH_USER_PATHS = NO;
				CLANG_ANALYZER_NONNULL = YES;
				CLANG_ANALYZER_NUMBER_OBJECT_CONVERSION = YES_AGGRESSIVE;
				CLANG_CXX_LANGUAGE_STANDARD = "gnu++14";
				CLANG_CXX_LIBRARY = "libc++";
				CLANG_ENABLE_MODULES = YES;
				CLANG_ENABLE_OBJC_ARC = YES;
				CLANG_ENABLE_OBJC_WEAK = YES;
				CLANG_WARN_BLOCK_CAPTURE_AUTORELEASING = YES;
				CLANG_WARN_BOOL_CONVERSION = YES;
				CLANG_WARN_COMMA = YES;
				CLANG_WARN_CONSTANT_CONVERSION = YES;
				CLANG_WARN_DEPRECATED_OBJC_IMPLEMENTATIONS = YES;
				CLANG_WARN_DIRECT_OBJC_ISA_USAGE = YES_ERROR;
				CLANG_WARN_DOCUMENTATION_COMMENTS = YES;
				CLANG_WARN_EMPTY_BODY = YES;
				CLANG_WARN_ENUM_CONVERSION = YES;
				CLANG_WARN_INFINITE_RECURSION = YES;
				CLANG_WARN_INT_CONVERSION = YES;
				CLANG_WARN_NON_LITERAL_NULL_CONVERSION = YES;
				CLANG_WARN_OBJC_IMPLICIT_RETAIN_SELF = YES;
				CLANG_WARN_OBJC_LITERAL_CONVERSION = YES;
				CLANG_WARN_OBJC_ROOT_CLASS = YES_ERROR;
				CLANG_WARN_RANGE_LOOP_ANALYSIS = YES;
				CLANG_WARN_STRICT_PROTOTYPES = YES;
				CLANG_WARN_SUSPICIOUS_MOVE = YES;
				CLANG_WARN_UNGUARDED_AVAILABILITY = YES_AGGRESSIVE;
				CLANG_WARN_UNREACHABLE_CODE = YES;
				CLANG_WARN__DUPLICATE_METHOD_MATCH = YES;
				COPY_PHASE_STRIP = NO;
				DEBUG_INFORMATION_FORMAT = "dwarf-with-dsym";
				ENABLE_NS_ASSERTIONS = NO;
				ENABLE_STRICT_OBJC_MSGSEND = YES;
				GCC_C_LANGUAGE_STANDARD = gnu11;
				GCC_NO_COMMON_BLOCKS = YES;
				GCC_WARN_64_TO_32_BIT_CONVERSION = YES;
				GCC_WARN_ABOUT_RETURN_TYPE = YES_ERROR;
				GCC_WARN_UNDECLARED_SELECTOR = YES;
				GCC_WARN_UNINITIALIZED_AUTOS = YES_AGGRESSIVE;
				GCC_WARN_UNUSED_FUNCTION = YES;
				GCC_WARN_UNUSED_VARIABLE = YES;
				IPHONEOS_DEPLOYMENT_TARGET = 10.0;
				MTL_ENABLE_DEBUG_INFO = NO;
				MTL_FAST_MATH = YES;
				SDKROOT = iphoneos;
				SWIFT_COMPILATION_MODE = wholemodule;
				SWIFT_OPTIMIZATION_LEVEL = "-O";
				VALIDATE_PRODUCT = YES;
			};
			name = Release;
		};
		F87E5D9D23F7D3EC00FEC92D /* Debug */ = {
			isa = XCBuildConfiguration;
			baseConfigurationReference = 9DE8D1821D74CC2B20402FFC /* Pods-RxPrimeTime.debug.xcconfig */;
			buildSettings = {
				ALWAYS_EMBED_SWIFT_STANDARD_LIBRARIES = YES;
				ASSETCATALOG_COMPILER_APPICON_NAME = AppIcon;
				CODE_SIGN_STYLE = Automatic;
				DEVELOPMENT_TEAM = XP6P798NUV;
				INFOPLIST_FILE = RxPrimeTime/Info.plist;
				LD_RUNPATH_SEARCH_PATHS = (
					"$(inherited)",
					"@executable_path/Frameworks",
				);
				PRODUCT_BUNDLE_IDENTIFIER = com.jrbordet.RxPrimeTime;
				PRODUCT_NAME = "$(TARGET_NAME)";
				SWIFT_VERSION = 5.0;
				TARGETED_DEVICE_FAMILY = "1,2";
			};
			name = Debug;
		};
		F87E5D9E23F7D3EC00FEC92D /* Release */ = {
			isa = XCBuildConfiguration;
			baseConfigurationReference = 0325EC23D84268FF2419C2CF /* Pods-RxPrimeTime.release.xcconfig */;
			buildSettings = {
				ALWAYS_EMBED_SWIFT_STANDARD_LIBRARIES = YES;
				ASSETCATALOG_COMPILER_APPICON_NAME = AppIcon;
				CODE_SIGN_STYLE = Automatic;
				DEVELOPMENT_TEAM = XP6P798NUV;
				INFOPLIST_FILE = RxPrimeTime/Info.plist;
				LD_RUNPATH_SEARCH_PATHS = (
					"$(inherited)",
					"@executable_path/Frameworks",
				);
				PRODUCT_BUNDLE_IDENTIFIER = com.jrbordet.RxPrimeTime;
				PRODUCT_NAME = "$(TARGET_NAME)";
				SWIFT_VERSION = 5.0;
				TARGETED_DEVICE_FAMILY = "1,2";
			};
			name = Release;
		};
		F87E5DA023F7D3EC00FEC92D /* Debug */ = {
			isa = XCBuildConfiguration;
			baseConfigurationReference = DC9E39A1F00BD55E832B7719 /* Pods-RxPrimeTimeTests.debug.xcconfig */;
			buildSettings = {
				ALWAYS_EMBED_SWIFT_STANDARD_LIBRARIES = YES;
				CODE_SIGN_STYLE = Automatic;
				DEVELOPMENT_TEAM = XP6P798NUV;
				INFOPLIST_FILE = RxPrimeTimeTests/Info.plist;
				IPHONEOS_DEPLOYMENT_TARGET = 13.2;
				LD_RUNPATH_SEARCH_PATHS = (
					"$(inherited)",
					"@executable_path/Frameworks",
					"@loader_path/Frameworks",
				);
				PRODUCT_BUNDLE_IDENTIFIER = com.jrbordet.RxPrimeTimeTests;
				PRODUCT_NAME = "$(TARGET_NAME)";
				SWIFT_VERSION = 5.0;
				TARGETED_DEVICE_FAMILY = "1,2";
				TEST_HOST = "$(BUILT_PRODUCTS_DIR)/RxPrimeTime.app/RxPrimeTime";
			};
			name = Debug;
		};
		F87E5DA123F7D3EC00FEC92D /* Release */ = {
			isa = XCBuildConfiguration;
			baseConfigurationReference = E54E277248996E1068F9A5A8 /* Pods-RxPrimeTimeTests.release.xcconfig */;
			buildSettings = {
				ALWAYS_EMBED_SWIFT_STANDARD_LIBRARIES = YES;
				CODE_SIGN_STYLE = Automatic;
				DEVELOPMENT_TEAM = XP6P798NUV;
				INFOPLIST_FILE = RxPrimeTimeTests/Info.plist;
				IPHONEOS_DEPLOYMENT_TARGET = 13.2;
				LD_RUNPATH_SEARCH_PATHS = (
					"$(inherited)",
					"@executable_path/Frameworks",
					"@loader_path/Frameworks",
				);
				PRODUCT_BUNDLE_IDENTIFIER = com.jrbordet.RxPrimeTimeTests;
				PRODUCT_NAME = "$(TARGET_NAME)";
				SWIFT_VERSION = 5.0;
				TARGETED_DEVICE_FAMILY = "1,2";
				TEST_HOST = "$(BUILT_PRODUCTS_DIR)/RxPrimeTime.app/RxPrimeTime";
			};
			name = Release;
		};
		F87E5DC823F7D60B00FEC92D /* Debug */ = {
			isa = XCBuildConfiguration;
			baseConfigurationReference = BA62941AA4456523D3F98656 /* Pods-ComposableArchitecture.debug.xcconfig */;
			buildSettings = {
				CLANG_ENABLE_MODULES = YES;
				CODE_SIGN_STYLE = Automatic;
				CURRENT_PROJECT_VERSION = 1;
				DEFINES_MODULE = YES;
				DEVELOPMENT_TEAM = XP6P798NUV;
				DYLIB_COMPATIBILITY_VERSION = 1;
				DYLIB_CURRENT_VERSION = 1;
				DYLIB_INSTALL_NAME_BASE = "@rpath";
				INFOPLIST_FILE = ComposableArchitecture/Info.plist;
				INSTALL_PATH = "$(LOCAL_LIBRARY_DIR)/Frameworks";
				IPHONEOS_DEPLOYMENT_TARGET = 10.0;
				LD_RUNPATH_SEARCH_PATHS = (
					"$(inherited)",
					"@executable_path/Frameworks",
					"@loader_path/Frameworks",
				);
				PRODUCT_BUNDLE_IDENTIFIER = com.jrbordet.ComposableArchitecture;
				PRODUCT_NAME = "$(TARGET_NAME:c99extidentifier)";
				SKIP_INSTALL = YES;
				SWIFT_OPTIMIZATION_LEVEL = "-Onone";
				SWIFT_VERSION = 5.0;
				TARGETED_DEVICE_FAMILY = "1,2";
				VERSIONING_SYSTEM = "apple-generic";
				VERSION_INFO_PREFIX = "";
			};
			name = Debug;
		};
		F87E5DC923F7D60B00FEC92D /* Release */ = {
			isa = XCBuildConfiguration;
			baseConfigurationReference = 0ED9B4EB18967B2C9F09F23F /* Pods-ComposableArchitecture.release.xcconfig */;
			buildSettings = {
				CLANG_ENABLE_MODULES = YES;
				CODE_SIGN_STYLE = Automatic;
				CURRENT_PROJECT_VERSION = 1;
				DEFINES_MODULE = YES;
				DEVELOPMENT_TEAM = XP6P798NUV;
				DYLIB_COMPATIBILITY_VERSION = 1;
				DYLIB_CURRENT_VERSION = 1;
				DYLIB_INSTALL_NAME_BASE = "@rpath";
				INFOPLIST_FILE = ComposableArchitecture/Info.plist;
				INSTALL_PATH = "$(LOCAL_LIBRARY_DIR)/Frameworks";
				IPHONEOS_DEPLOYMENT_TARGET = 10.0;
				LD_RUNPATH_SEARCH_PATHS = (
					"$(inherited)",
					"@executable_path/Frameworks",
					"@loader_path/Frameworks",
				);
				PRODUCT_BUNDLE_IDENTIFIER = com.jrbordet.ComposableArchitecture;
				PRODUCT_NAME = "$(TARGET_NAME:c99extidentifier)";
				SKIP_INSTALL = YES;
				SWIFT_VERSION = 5.0;
				TARGETED_DEVICE_FAMILY = "1,2";
				VERSIONING_SYSTEM = "apple-generic";
				VERSION_INFO_PREFIX = "";
			};
			name = Release;
		};
		F87E5DCC23F7D60B00FEC92D /* Debug */ = {
			isa = XCBuildConfiguration;
			baseConfigurationReference = C00CCC4132D38FD5305A3E36 /* Pods-ComposableArchitecture-ComposableArchitectureTests.debug.xcconfig */;
			buildSettings = {
				ALWAYS_EMBED_SWIFT_STANDARD_LIBRARIES = YES;
				CODE_SIGN_STYLE = Automatic;
				DEVELOPMENT_TEAM = XP6P798NUV;
				INFOPLIST_FILE = ComposableArchitectureTests/Info.plist;
				LD_RUNPATH_SEARCH_PATHS = (
					"$(inherited)",
					"@executable_path/Frameworks",
					"@loader_path/Frameworks",
				);
				PRODUCT_BUNDLE_IDENTIFIER = com.jrbordet.ComposableArchitectureTests;
				PRODUCT_NAME = "$(TARGET_NAME)";
				SWIFT_VERSION = 5.0;
				TARGETED_DEVICE_FAMILY = "1,2";
				TEST_HOST = "$(BUILT_PRODUCTS_DIR)/RxPrimeTime.app/RxPrimeTime";
			};
			name = Debug;
		};
		F87E5DCD23F7D60B00FEC92D /* Release */ = {
			isa = XCBuildConfiguration;
			baseConfigurationReference = 9FF3AD2ED279F6285C3B3601 /* Pods-ComposableArchitecture-ComposableArchitectureTests.release.xcconfig */;
			buildSettings = {
				ALWAYS_EMBED_SWIFT_STANDARD_LIBRARIES = YES;
				CODE_SIGN_STYLE = Automatic;
				DEVELOPMENT_TEAM = XP6P798NUV;
				INFOPLIST_FILE = ComposableArchitectureTests/Info.plist;
				LD_RUNPATH_SEARCH_PATHS = (
					"$(inherited)",
					"@executable_path/Frameworks",
					"@loader_path/Frameworks",
				);
				PRODUCT_BUNDLE_IDENTIFIER = com.jrbordet.ComposableArchitectureTests;
				PRODUCT_NAME = "$(TARGET_NAME)";
				SWIFT_VERSION = 5.0;
				TARGETED_DEVICE_FAMILY = "1,2";
				TEST_HOST = "$(BUILT_PRODUCTS_DIR)/RxPrimeTime.app/RxPrimeTime";
			};
			name = Release;
		};
		F8B113F523F7D91800DA6466 /* Debug */ = {
			isa = XCBuildConfiguration;
			baseConfigurationReference = 2AC62B55F4BC44CACC5F005E /* Pods-Counter.debug.xcconfig */;
			buildSettings = {
				CLANG_ENABLE_MODULES = YES;
				CODE_SIGN_STYLE = Automatic;
				CURRENT_PROJECT_VERSION = 1;
				DEFINES_MODULE = YES;
				DEVELOPMENT_TEAM = XP6P798NUV;
				DYLIB_COMPATIBILITY_VERSION = 1;
				DYLIB_CURRENT_VERSION = 1;
				DYLIB_INSTALL_NAME_BASE = "@rpath";
				INFOPLIST_FILE = Counter/Info.plist;
				INSTALL_PATH = "$(LOCAL_LIBRARY_DIR)/Frameworks";
				LD_RUNPATH_SEARCH_PATHS = (
					"$(inherited)",
					"@executable_path/Frameworks",
					"@loader_path/Frameworks",
				);
				PRODUCT_BUNDLE_IDENTIFIER = com.jrbordet.Counter;
				PRODUCT_NAME = "$(TARGET_NAME:c99extidentifier)";
				SKIP_INSTALL = YES;
				SWIFT_OPTIMIZATION_LEVEL = "-Onone";
				SWIFT_VERSION = 5.0;
				TARGETED_DEVICE_FAMILY = "1,2";
				VERSIONING_SYSTEM = "apple-generic";
				VERSION_INFO_PREFIX = "";
			};
			name = Debug;
		};
		F8B113F623F7D91800DA6466 /* Release */ = {
			isa = XCBuildConfiguration;
			baseConfigurationReference = 49795EFFDA83D20C8CADEEE7 /* Pods-Counter.release.xcconfig */;
			buildSettings = {
				CLANG_ENABLE_MODULES = YES;
				CODE_SIGN_STYLE = Automatic;
				CURRENT_PROJECT_VERSION = 1;
				DEFINES_MODULE = YES;
				DEVELOPMENT_TEAM = XP6P798NUV;
				DYLIB_COMPATIBILITY_VERSION = 1;
				DYLIB_CURRENT_VERSION = 1;
				DYLIB_INSTALL_NAME_BASE = "@rpath";
				INFOPLIST_FILE = Counter/Info.plist;
				INSTALL_PATH = "$(LOCAL_LIBRARY_DIR)/Frameworks";
				LD_RUNPATH_SEARCH_PATHS = (
					"$(inherited)",
					"@executable_path/Frameworks",
					"@loader_path/Frameworks",
				);
				PRODUCT_BUNDLE_IDENTIFIER = com.jrbordet.Counter;
				PRODUCT_NAME = "$(TARGET_NAME:c99extidentifier)";
				SKIP_INSTALL = YES;
				SWIFT_VERSION = 5.0;
				TARGETED_DEVICE_FAMILY = "1,2";
				VERSIONING_SYSTEM = "apple-generic";
				VERSION_INFO_PREFIX = "";
			};
			name = Release;
		};
		F8B113F723F7D91800DA6466 /* Debug */ = {
			isa = XCBuildConfiguration;
			baseConfigurationReference = 3D6AB164486F80D1D1E64459 /* Pods-Counter-CounterTests.debug.xcconfig */;
			buildSettings = {
				ALWAYS_EMBED_SWIFT_STANDARD_LIBRARIES = YES;
				CODE_SIGN_STYLE = Automatic;
				DEVELOPMENT_TEAM = XP6P798NUV;
				INFOPLIST_FILE = CounterTests/Info.plist;
				LD_RUNPATH_SEARCH_PATHS = (
					"$(inherited)",
					"@executable_path/Frameworks",
					"@loader_path/Frameworks",
				);
				PRODUCT_BUNDLE_IDENTIFIER = com.jrbordet.CounterTests;
				PRODUCT_NAME = "$(TARGET_NAME)";
				SWIFT_VERSION = 5.0;
				TARGETED_DEVICE_FAMILY = "1,2";
				TEST_HOST = "$(BUILT_PRODUCTS_DIR)/RxPrimeTime.app/RxPrimeTime";
			};
			name = Debug;
		};
		F8B113F823F7D91800DA6466 /* Release */ = {
			isa = XCBuildConfiguration;
			baseConfigurationReference = CB165DC9152D4671E4B6A648 /* Pods-Counter-CounterTests.release.xcconfig */;
			buildSettings = {
				ALWAYS_EMBED_SWIFT_STANDARD_LIBRARIES = YES;
				CODE_SIGN_STYLE = Automatic;
				DEVELOPMENT_TEAM = XP6P798NUV;
				INFOPLIST_FILE = CounterTests/Info.plist;
				LD_RUNPATH_SEARCH_PATHS = (
					"$(inherited)",
					"@executable_path/Frameworks",
					"@loader_path/Frameworks",
				);
				PRODUCT_BUNDLE_IDENTIFIER = com.jrbordet.CounterTests;
				PRODUCT_NAME = "$(TARGET_NAME)";
				SWIFT_VERSION = 5.0;
				TARGETED_DEVICE_FAMILY = "1,2";
				TEST_HOST = "$(BUILT_PRODUCTS_DIR)/RxPrimeTime.app/RxPrimeTime";
			};
			name = Release;
		};
		F8B114C523F7ED3F00DA6466 /* Debug */ = {
			isa = XCBuildConfiguration;
			buildSettings = {
				CLANG_ENABLE_MODULES = YES;
				CODE_SIGN_STYLE = Automatic;
				CURRENT_PROJECT_VERSION = 1;
				DEFINES_MODULE = YES;
				DEVELOPMENT_TEAM = XP6P798NUV;
				DYLIB_COMPATIBILITY_VERSION = 1;
				DYLIB_CURRENT_VERSION = 1;
				DYLIB_INSTALL_NAME_BASE = "@rpath";
				INFOPLIST_FILE = Networking/Info.plist;
				INSTALL_PATH = "$(LOCAL_LIBRARY_DIR)/Frameworks";
				IPHONEOS_DEPLOYMENT_TARGET = 10.0;
				LD_RUNPATH_SEARCH_PATHS = (
					"$(inherited)",
					"@executable_path/Frameworks",
					"@loader_path/Frameworks",
				);
				PRODUCT_BUNDLE_IDENTIFIER = com.jrbordet.Networking;
				PRODUCT_NAME = "$(TARGET_NAME:c99extidentifier)";
				SKIP_INSTALL = YES;
				SWIFT_OPTIMIZATION_LEVEL = "-Onone";
				SWIFT_VERSION = 5.0;
				TARGETED_DEVICE_FAMILY = "1,2";
				VERSIONING_SYSTEM = "apple-generic";
				VERSION_INFO_PREFIX = "";
			};
			name = Debug;
		};
		F8B114C623F7ED3F00DA6466 /* Release */ = {
			isa = XCBuildConfiguration;
			buildSettings = {
				CLANG_ENABLE_MODULES = YES;
				CODE_SIGN_STYLE = Automatic;
				CURRENT_PROJECT_VERSION = 1;
				DEFINES_MODULE = YES;
				DEVELOPMENT_TEAM = XP6P798NUV;
				DYLIB_COMPATIBILITY_VERSION = 1;
				DYLIB_CURRENT_VERSION = 1;
				DYLIB_INSTALL_NAME_BASE = "@rpath";
				INFOPLIST_FILE = Networking/Info.plist;
				INSTALL_PATH = "$(LOCAL_LIBRARY_DIR)/Frameworks";
				IPHONEOS_DEPLOYMENT_TARGET = 10.0;
				LD_RUNPATH_SEARCH_PATHS = (
					"$(inherited)",
					"@executable_path/Frameworks",
					"@loader_path/Frameworks",
				);
				PRODUCT_BUNDLE_IDENTIFIER = com.jrbordet.Networking;
				PRODUCT_NAME = "$(TARGET_NAME:c99extidentifier)";
				SKIP_INSTALL = YES;
				SWIFT_VERSION = 5.0;
				TARGETED_DEVICE_FAMILY = "1,2";
				VERSIONING_SYSTEM = "apple-generic";
				VERSION_INFO_PREFIX = "";
			};
			name = Release;
		};
		F8B114C823F7ED3F00DA6466 /* Debug */ = {
			isa = XCBuildConfiguration;
			buildSettings = {
				ALWAYS_EMBED_SWIFT_STANDARD_LIBRARIES = YES;
				CODE_SIGN_STYLE = Automatic;
				DEVELOPMENT_TEAM = XP6P798NUV;
				INFOPLIST_FILE = NetworkingTests/Info.plist;
				IPHONEOS_DEPLOYMENT_TARGET = 13.2;
				LD_RUNPATH_SEARCH_PATHS = (
					"$(inherited)",
					"@executable_path/Frameworks",
					"@loader_path/Frameworks",
				);
				PRODUCT_BUNDLE_IDENTIFIER = com.jrbordet.NetworkingTests;
				PRODUCT_NAME = "$(TARGET_NAME)";
				SWIFT_VERSION = 5.0;
				TARGETED_DEVICE_FAMILY = "1,2";
				TEST_HOST = "$(BUILT_PRODUCTS_DIR)/RxPrimeTime.app/RxPrimeTime";
			};
			name = Debug;
		};
		F8B114C923F7ED3F00DA6466 /* Release */ = {
			isa = XCBuildConfiguration;
			buildSettings = {
				ALWAYS_EMBED_SWIFT_STANDARD_LIBRARIES = YES;
				CODE_SIGN_STYLE = Automatic;
				DEVELOPMENT_TEAM = XP6P798NUV;
				INFOPLIST_FILE = NetworkingTests/Info.plist;
				IPHONEOS_DEPLOYMENT_TARGET = 13.2;
				LD_RUNPATH_SEARCH_PATHS = (
					"$(inherited)",
					"@executable_path/Frameworks",
					"@loader_path/Frameworks",
				);
				PRODUCT_BUNDLE_IDENTIFIER = com.jrbordet.NetworkingTests;
				PRODUCT_NAME = "$(TARGET_NAME)";
				SWIFT_VERSION = 5.0;
				TARGETED_DEVICE_FAMILY = "1,2";
				TEST_HOST = "$(BUILT_PRODUCTS_DIR)/RxPrimeTime.app/RxPrimeTime";
			};
			name = Release;
		};
		F8B114E723F7EDC800DA6466 /* Debug */ = {
			isa = XCBuildConfiguration;
			buildSettings = {
				CLANG_ENABLE_MODULES = YES;
				CODE_SIGN_STYLE = Automatic;
				CURRENT_PROJECT_VERSION = 1;
				DEFINES_MODULE = YES;
				DEVELOPMENT_TEAM = XP6P798NUV;
				DYLIB_COMPATIBILITY_VERSION = 1;
				DYLIB_CURRENT_VERSION = 1;
				DYLIB_INSTALL_NAME_BASE = "@rpath";
				INFOPLIST_FILE = SceneBuilder/Info.plist;
				INSTALL_PATH = "$(LOCAL_LIBRARY_DIR)/Frameworks";
				IPHONEOS_DEPLOYMENT_TARGET = 10.0;
				LD_RUNPATH_SEARCH_PATHS = (
					"$(inherited)",
					"@executable_path/Frameworks",
					"@loader_path/Frameworks",
				);
				PRODUCT_BUNDLE_IDENTIFIER = com.jrbordet.SceneBuilder;
				PRODUCT_NAME = "$(TARGET_NAME:c99extidentifier)";
				SKIP_INSTALL = YES;
				SWIFT_OPTIMIZATION_LEVEL = "-Onone";
				SWIFT_VERSION = 5.0;
				TARGETED_DEVICE_FAMILY = "1,2";
				VERSIONING_SYSTEM = "apple-generic";
				VERSION_INFO_PREFIX = "";
			};
			name = Debug;
		};
		F8B114E823F7EDC800DA6466 /* Release */ = {
			isa = XCBuildConfiguration;
			buildSettings = {
				CLANG_ENABLE_MODULES = YES;
				CODE_SIGN_STYLE = Automatic;
				CURRENT_PROJECT_VERSION = 1;
				DEFINES_MODULE = YES;
				DEVELOPMENT_TEAM = XP6P798NUV;
				DYLIB_COMPATIBILITY_VERSION = 1;
				DYLIB_CURRENT_VERSION = 1;
				DYLIB_INSTALL_NAME_BASE = "@rpath";
				INFOPLIST_FILE = SceneBuilder/Info.plist;
				INSTALL_PATH = "$(LOCAL_LIBRARY_DIR)/Frameworks";
				IPHONEOS_DEPLOYMENT_TARGET = 10.0;
				LD_RUNPATH_SEARCH_PATHS = (
					"$(inherited)",
					"@executable_path/Frameworks",
					"@loader_path/Frameworks",
				);
				PRODUCT_BUNDLE_IDENTIFIER = com.jrbordet.SceneBuilder;
				PRODUCT_NAME = "$(TARGET_NAME:c99extidentifier)";
				SKIP_INSTALL = YES;
				SWIFT_VERSION = 5.0;
				TARGETED_DEVICE_FAMILY = "1,2";
				VERSIONING_SYSTEM = "apple-generic";
				VERSION_INFO_PREFIX = "";
			};
			name = Release;
		};
		F8B114EA23F7EDC800DA6466 /* Debug */ = {
			isa = XCBuildConfiguration;
			buildSettings = {
				ALWAYS_EMBED_SWIFT_STANDARD_LIBRARIES = YES;
				CODE_SIGN_STYLE = Automatic;
				DEVELOPMENT_TEAM = XP6P798NUV;
				INFOPLIST_FILE = SceneBuilderTests/Info.plist;
				IPHONEOS_DEPLOYMENT_TARGET = 13.2;
				LD_RUNPATH_SEARCH_PATHS = (
					"$(inherited)",
					"@executable_path/Frameworks",
					"@loader_path/Frameworks",
				);
				PRODUCT_BUNDLE_IDENTIFIER = com.jrbordet.SceneBuilderTests;
				PRODUCT_NAME = "$(TARGET_NAME)";
				SWIFT_VERSION = 5.0;
				TARGETED_DEVICE_FAMILY = "1,2";
				TEST_HOST = "$(BUILT_PRODUCTS_DIR)/RxPrimeTime.app/RxPrimeTime";
			};
			name = Debug;
		};
		F8B114EB23F7EDC800DA6466 /* Release */ = {
			isa = XCBuildConfiguration;
			buildSettings = {
				ALWAYS_EMBED_SWIFT_STANDARD_LIBRARIES = YES;
				CODE_SIGN_STYLE = Automatic;
				DEVELOPMENT_TEAM = XP6P798NUV;
				INFOPLIST_FILE = SceneBuilderTests/Info.plist;
				IPHONEOS_DEPLOYMENT_TARGET = 13.2;
				LD_RUNPATH_SEARCH_PATHS = (
					"$(inherited)",
					"@executable_path/Frameworks",
					"@loader_path/Frameworks",
				);
				PRODUCT_BUNDLE_IDENTIFIER = com.jrbordet.SceneBuilderTests;
				PRODUCT_NAME = "$(TARGET_NAME)";
				SWIFT_VERSION = 5.0;
				TARGETED_DEVICE_FAMILY = "1,2";
				TEST_HOST = "$(BUILT_PRODUCTS_DIR)/RxPrimeTime.app/RxPrimeTime";
			};
			name = Release;
		};
/* End XCBuildConfiguration section */

/* Begin XCConfigurationList section */
		F87E5D7823F7D3EA00FEC92D /* Build configuration list for PBXProject "RxPrimeTime" */ = {
			isa = XCConfigurationList;
			buildConfigurations = (
				F87E5D9A23F7D3EC00FEC92D /* Debug */,
				F87E5D9B23F7D3EC00FEC92D /* Release */,
			);
			defaultConfigurationIsVisible = 0;
			defaultConfigurationName = Release;
		};
		F87E5D9C23F7D3EC00FEC92D /* Build configuration list for PBXNativeTarget "RxPrimeTime" */ = {
			isa = XCConfigurationList;
			buildConfigurations = (
				F87E5D9D23F7D3EC00FEC92D /* Debug */,
				F87E5D9E23F7D3EC00FEC92D /* Release */,
			);
			defaultConfigurationIsVisible = 0;
			defaultConfigurationName = Release;
		};
		F87E5D9F23F7D3EC00FEC92D /* Build configuration list for PBXNativeTarget "RxPrimeTimeTests" */ = {
			isa = XCConfigurationList;
			buildConfigurations = (
				F87E5DA023F7D3EC00FEC92D /* Debug */,
				F87E5DA123F7D3EC00FEC92D /* Release */,
			);
			defaultConfigurationIsVisible = 0;
			defaultConfigurationName = Release;
		};
		F87E5DC723F7D60B00FEC92D /* Build configuration list for PBXNativeTarget "ComposableArchitecture" */ = {
			isa = XCConfigurationList;
			buildConfigurations = (
				F87E5DC823F7D60B00FEC92D /* Debug */,
				F87E5DC923F7D60B00FEC92D /* Release */,
			);
			defaultConfigurationIsVisible = 0;
			defaultConfigurationName = Release;
		};
		F87E5DCB23F7D60B00FEC92D /* Build configuration list for PBXNativeTarget "ComposableArchitectureTests" */ = {
			isa = XCConfigurationList;
			buildConfigurations = (
				F87E5DCC23F7D60B00FEC92D /* Debug */,
				F87E5DCD23F7D60B00FEC92D /* Release */,
			);
			defaultConfigurationIsVisible = 0;
			defaultConfigurationName = Release;
		};
		F8B113F923F7D91800DA6466 /* Build configuration list for PBXNativeTarget "Counter" */ = {
			isa = XCConfigurationList;
			buildConfigurations = (
				F8B113F523F7D91800DA6466 /* Debug */,
				F8B113F623F7D91800DA6466 /* Release */,
			);
			defaultConfigurationIsVisible = 0;
			defaultConfigurationName = Release;
		};
		F8B113FA23F7D91800DA6466 /* Build configuration list for PBXNativeTarget "CounterTests" */ = {
			isa = XCConfigurationList;
			buildConfigurations = (
				F8B113F723F7D91800DA6466 /* Debug */,
				F8B113F823F7D91800DA6466 /* Release */,
			);
			defaultConfigurationIsVisible = 0;
			defaultConfigurationName = Release;
		};
		F8B114C423F7ED3F00DA6466 /* Build configuration list for PBXNativeTarget "Networking" */ = {
			isa = XCConfigurationList;
			buildConfigurations = (
				F8B114C523F7ED3F00DA6466 /* Debug */,
				F8B114C623F7ED3F00DA6466 /* Release */,
			);
			defaultConfigurationIsVisible = 0;
			defaultConfigurationName = Release;
		};
		F8B114C723F7ED3F00DA6466 /* Build configuration list for PBXNativeTarget "NetworkingTests" */ = {
			isa = XCConfigurationList;
			buildConfigurations = (
				F8B114C823F7ED3F00DA6466 /* Debug */,
				F8B114C923F7ED3F00DA6466 /* Release */,
			);
			defaultConfigurationIsVisible = 0;
			defaultConfigurationName = Release;
		};
		F8B114E623F7EDC800DA6466 /* Build configuration list for PBXNativeTarget "SceneBuilder" */ = {
			isa = XCConfigurationList;
			buildConfigurations = (
				F8B114E723F7EDC800DA6466 /* Debug */,
				F8B114E823F7EDC800DA6466 /* Release */,
			);
			defaultConfigurationIsVisible = 0;
			defaultConfigurationName = Release;
		};
		F8B114E923F7EDC800DA6466 /* Build configuration list for PBXNativeTarget "SceneBuilderTests" */ = {
			isa = XCConfigurationList;
			buildConfigurations = (
				F8B114EA23F7EDC800DA6466 /* Debug */,
				F8B114EB23F7EDC800DA6466 /* Release */,
			);
			defaultConfigurationIsVisible = 0;
			defaultConfigurationName = Release;
		};
/* End XCConfigurationList section */
	};
	rootObject = F87E5D7523F7D3EA00FEC92D /* Project object */;
}
